// !$*UTF8*$!
{
	archiveVersion = 1;
	classes = {
	};
	objectVersion = 48;
	objects = {

/* Begin PBXAggregateTarget section */
		2DA009BB2017C066004A5F55 /* Package iOS */ = {
			isa = PBXAggregateTarget;
			buildConfigurationList = 2DA009BC2017C066004A5F55 /* Build configuration list for PBXAggregateTarget "Package iOS" */;
			buildPhases = (
				2DA009BF2017C070004A5F55 /* Make Universal Library */,
				2DA009C02017C68A004A5F55 /* Build API Documentation */,
			);
			dependencies = (
			);
			name = "Package iOS";
			productName = "Package iOS";
		};
		2DA009C22017CFEB004A5F55 /* Package watchOS */ = {
			isa = PBXAggregateTarget;
			buildConfigurationList = 2DA009C32017CFEB004A5F55 /* Build configuration list for PBXAggregateTarget "Package watchOS" */;
			buildPhases = (
				2DA009C62017D00C004A5F55 /* Make Universal Library */,
				2DA009C72017D0A8004A5F55 /* Build API Documentation */,
			);
			dependencies = (
			);
			name = "Package watchOS";
			productName = "Package watchOS";
		};
		2DA009C82017D129004A5F55 /* Package tvOS */ = {
			isa = PBXAggregateTarget;
			buildConfigurationList = 2DA009C92017D129004A5F55 /* Build configuration list for PBXAggregateTarget "Package tvOS" */;
			buildPhases = (
				2DA009CC2017D13D004A5F55 /* Make Universal Library */,
				2DA009CD2017D17C004A5F55 /* Build API Documentation */,
			);
			dependencies = (
			);
			name = "Package tvOS";
			productName = "Package tvOS";
		};
		2DA009CE2017D20F004A5F55 /* Package macOS */ = {
			isa = PBXAggregateTarget;
			buildConfigurationList = 2DA009CF2017D20F004A5F55 /* Build configuration list for PBXAggregateTarget "Package macOS" */;
			buildPhases = (
				2DA009D22017D214004A5F55 /* Make Library */,
				2DA009D32017D39B004A5F55 /* Build API Documentation */,
			);
			dependencies = (
			);
			name = "Package macOS";
			productName = "Package macOS";
		};
/* End PBXAggregateTarget section */

/* Begin PBXBuildFile section */
		2DA009952017BA6C004A5F55 /* TrimFramework.sh in Resources */ = {isa = PBXBuildFile; fileRef = 2DA009892017B9CB004A5F55 /* TrimFramework.sh */; };
		2DA009962017BA6C004A5F55 /* TrimFramework.sh in Resources */ = {isa = PBXBuildFile; fileRef = 2DA009892017B9CB004A5F55 /* TrimFramework.sh */; };
		2DA009972017BA6D004A5F55 /* TrimFramework.sh in Resources */ = {isa = PBXBuildFile; fileRef = 2DA009892017B9CB004A5F55 /* TrimFramework.sh */; };
		2DA009982017BA6D004A5F55 /* TrimFramework.sh in Resources */ = {isa = PBXBuildFile; fileRef = 2DA009892017B9CB004A5F55 /* TrimFramework.sh */; };
		2DA009992017BA78004A5F55 /* AppleHardwareType.swift in Sources */ = {isa = PBXBuildFile; fileRef = 2DA0098D2017BA16004A5F55 /* AppleHardwareType.swift */; };
		2DA0099A2017BA78004A5F55 /* HardwareInformation.swift in Sources */ = {isa = PBXBuildFile; fileRef = 2DA0098C2017BA16004A5F55 /* HardwareInformation.swift */; };
		2DA0099B2017BA78004A5F55 /* AppleHardwareType.swift in Sources */ = {isa = PBXBuildFile; fileRef = 2DA0098D2017BA16004A5F55 /* AppleHardwareType.swift */; };
		2DA0099C2017BA78004A5F55 /* HardwareInformation.swift in Sources */ = {isa = PBXBuildFile; fileRef = 2DA0098C2017BA16004A5F55 /* HardwareInformation.swift */; };
		2DA0099D2017BA79004A5F55 /* AppleHardwareType.swift in Sources */ = {isa = PBXBuildFile; fileRef = 2DA0098D2017BA16004A5F55 /* AppleHardwareType.swift */; };
		2DA0099E2017BA79004A5F55 /* HardwareInformation.swift in Sources */ = {isa = PBXBuildFile; fileRef = 2DA0098C2017BA16004A5F55 /* HardwareInformation.swift */; };
		2DA0099F2017BA79004A5F55 /* AppleHardwareType.swift in Sources */ = {isa = PBXBuildFile; fileRef = 2DA0098D2017BA16004A5F55 /* AppleHardwareType.swift */; };
		2DA009A02017BA79004A5F55 /* HardwareInformation.swift in Sources */ = {isa = PBXBuildFile; fileRef = 2DA0098C2017BA16004A5F55 /* HardwareInformation.swift */; };
		2DA009A12017BA7E004A5F55 /* ACNotify.swift in Sources */ = {isa = PBXBuildFile; fileRef = 2DA0098B2017BA03004A5F55 /* ACNotify.swift */; };
		2DA009A22017BA8A004A5F55 /* ACNotify.swift in Sources */ = {isa = PBXBuildFile; fileRef = 2DA0098B2017BA03004A5F55 /* ACNotify.swift */; };
		2DA009A32017BA95004A5F55 /* ColorExtensions.swift in Sources */ = {isa = PBXBuildFile; fileRef = 2DA009832017B9B5004A5F55 /* ColorExtensions.swift */; };
		2DA009A42017BA95004A5F55 /* DataExtensions.swift in Sources */ = {isa = PBXBuildFile; fileRef = 2DA009852017B9B5004A5F55 /* DataExtensions.swift */; };
		2DA009A52017BA95004A5F55 /* ImageExtensions.swift in Sources */ = {isa = PBXBuildFile; fileRef = 2DA009872017B9B5004A5F55 /* ImageExtensions.swift */; };
		2DA009A62017BA95004A5F55 /* StringExtensions.swift in Sources */ = {isa = PBXBuildFile; fileRef = 2DA009862017B9B5004A5F55 /* StringExtensions.swift */; };
		2DA009A72017BA95004A5F55 /* ColorExtensions.swift in Sources */ = {isa = PBXBuildFile; fileRef = 2DA009832017B9B5004A5F55 /* ColorExtensions.swift */; };
		2DA009A82017BA95004A5F55 /* DataExtensions.swift in Sources */ = {isa = PBXBuildFile; fileRef = 2DA009852017B9B5004A5F55 /* DataExtensions.swift */; };
		2DA009A92017BA95004A5F55 /* ImageExtensions.swift in Sources */ = {isa = PBXBuildFile; fileRef = 2DA009872017B9B5004A5F55 /* ImageExtensions.swift */; };
		2DA009AA2017BA95004A5F55 /* StringExtensions.swift in Sources */ = {isa = PBXBuildFile; fileRef = 2DA009862017B9B5004A5F55 /* StringExtensions.swift */; };
		2DA009AB2017BA96004A5F55 /* ColorExtensions.swift in Sources */ = {isa = PBXBuildFile; fileRef = 2DA009832017B9B5004A5F55 /* ColorExtensions.swift */; };
		2DA009AC2017BA96004A5F55 /* DataExtensions.swift in Sources */ = {isa = PBXBuildFile; fileRef = 2DA009852017B9B5004A5F55 /* DataExtensions.swift */; };
		2DA009AD2017BA96004A5F55 /* ImageExtensions.swift in Sources */ = {isa = PBXBuildFile; fileRef = 2DA009872017B9B5004A5F55 /* ImageExtensions.swift */; };
		2DA009AE2017BA96004A5F55 /* StringExtensions.swift in Sources */ = {isa = PBXBuildFile; fileRef = 2DA009862017B9B5004A5F55 /* StringExtensions.swift */; };
		2DA009AF2017BAAF004A5F55 /* ColorExtensions.swift in Sources */ = {isa = PBXBuildFile; fileRef = 2DA009902017BA60004A5F55 /* ColorExtensions.swift */; };
		2DA009B02017BAAF004A5F55 /* DataExtensions.swift in Sources */ = {isa = PBXBuildFile; fileRef = 2DA009912017BA60004A5F55 /* DataExtensions.swift */; };
		2DA009B12017BAAF004A5F55 /* ImageExtensions.swift in Sources */ = {isa = PBXBuildFile; fileRef = 2DA009932017BA60004A5F55 /* ImageExtensions.swift */; };
		2DA009B22017BAAF004A5F55 /* StringExtensions.swift in Sources */ = {isa = PBXBuildFile; fileRef = 2DA009942017BA60004A5F55 /* StringExtensions.swift */; };
		2DA009B42017BB30004A5F55 /* ActionUtilities.h in Headers */ = {isa = PBXBuildFile; fileRef = 2DA009B32017BB30004A5F55 /* ActionUtilities.h */; settings = {ATTRIBUTES = (Public, ); }; };
		2DA009B62017BBB5004A5F55 /* ActionUtilities.h in Headers */ = {isa = PBXBuildFile; fileRef = 2DA009B52017BBB5004A5F55 /* ActionUtilities.h */; settings = {ATTRIBUTES = (Public, ); }; };
		2DA009B82017BF20004A5F55 /* ActionUtilities.h in Headers */ = {isa = PBXBuildFile; fileRef = 2DA009B72017BF20004A5F55 /* ActionUtilities.h */; settings = {ATTRIBUTES = (Public, ); }; };
		2DA009BA2017BFA4004A5F55 /* ActionUtilities.h in Headers */ = {isa = PBXBuildFile; fileRef = 2DA009B92017BFA4004A5F55 /* ActionUtilities.h */; settings = {ATTRIBUTES = (Public, ); }; };
		2DCB835320190AD9009BEF01 /* ACNotify.swift in Sources */ = {isa = PBXBuildFile; fileRef = 2DCB835220190AD9009BEF01 /* ACNotify.swift */; };
/* End PBXBuildFile section */

/* Begin PBXFileReference section */
		2DA0094B2017B3C4004A5F55 /* ActionUtilities.framework */ = {isa = PBXFileReference; explicitFileType = wrapper.framework; includeInIndex = 0; path = ActionUtilities.framework; sourceTree = BUILT_PRODUCTS_DIR; };
		2DA0094F2017B3C4004A5F55 /* Info.plist */ = {isa = PBXFileReference; lastKnownFileType = text.plist.xml; path = Info.plist; sourceTree = "<group>"; };
		2DA009592017B3E3004A5F55 /* ActionUtilities.framework */ = {isa = PBXFileReference; explicitFileType = wrapper.framework; includeInIndex = 0; path = ActionUtilities.framework; sourceTree = BUILT_PRODUCTS_DIR; };
		2DA0095C2017B3E4004A5F55 /* Info.plist */ = {isa = PBXFileReference; lastKnownFileType = text.plist.xml; path = Info.plist; sourceTree = "<group>"; };
		2DA009662017B401004A5F55 /* ActionUtilities.framework */ = {isa = PBXFileReference; explicitFileType = wrapper.framework; includeInIndex = 0; path = ActionUtilities.framework; sourceTree = BUILT_PRODUCTS_DIR; };
		2DA009692017B401004A5F55 /* Info.plist */ = {isa = PBXFileReference; lastKnownFileType = text.plist.xml; path = Info.plist; sourceTree = "<group>"; };
		2DA009732017B433004A5F55 /* ActionUtilities.framework */ = {isa = PBXFileReference; explicitFileType = wrapper.framework; includeInIndex = 0; path = ActionUtilities.framework; sourceTree = BUILT_PRODUCTS_DIR; };
		2DA009762017B433004A5F55 /* Info.plist */ = {isa = PBXFileReference; lastKnownFileType = text.plist.xml; path = Info.plist; sourceTree = "<group>"; };
		2DA009822017B944004A5F55 /* README.md */ = {isa = PBXFileReference; lastKnownFileType = net.daringfireball.markdown; path = README.md; sourceTree = "<group>"; };
		2DA009832017B9B5004A5F55 /* ColorExtensions.swift */ = {isa = PBXFileReference; lastKnownFileType = sourcecode.swift; path = ColorExtensions.swift; sourceTree = "<group>"; };
		2DA009842017B9B5004A5F55 /* README.md */ = {isa = PBXFileReference; lastKnownFileType = net.daringfireball.markdown; path = README.md; sourceTree = "<group>"; };
		2DA009852017B9B5004A5F55 /* DataExtensions.swift */ = {isa = PBXFileReference; lastKnownFileType = sourcecode.swift; path = DataExtensions.swift; sourceTree = "<group>"; };
		2DA009862017B9B5004A5F55 /* StringExtensions.swift */ = {isa = PBXFileReference; lastKnownFileType = sourcecode.swift; path = StringExtensions.swift; sourceTree = "<group>"; };
		2DA009872017B9B5004A5F55 /* ImageExtensions.swift */ = {isa = PBXFileReference; lastKnownFileType = sourcecode.swift; path = ImageExtensions.swift; sourceTree = "<group>"; };
		2DA009882017B9CB004A5F55 /* README.md */ = {isa = PBXFileReference; lastKnownFileType = net.daringfireball.markdown; path = README.md; sourceTree = "<group>"; };
		2DA009892017B9CB004A5F55 /* TrimFramework.sh */ = {isa = PBXFileReference; lastKnownFileType = text.script.sh; path = TrimFramework.sh; sourceTree = "<group>"; };
		2DA0098A2017BA02004A5F55 /* README.md */ = {isa = PBXFileReference; lastKnownFileType = net.daringfireball.markdown; path = README.md; sourceTree = "<group>"; };
		2DA0098B2017BA03004A5F55 /* ACNotify.swift */ = {isa = PBXFileReference; lastKnownFileType = sourcecode.swift; path = ACNotify.swift; sourceTree = "<group>"; };
		2DA0098C2017BA16004A5F55 /* HardwareInformation.swift */ = {isa = PBXFileReference; lastKnownFileType = sourcecode.swift; path = HardwareInformation.swift; sourceTree = "<group>"; };
		2DA0098D2017BA16004A5F55 /* AppleHardwareType.swift */ = {isa = PBXFileReference; lastKnownFileType = sourcecode.swift; path = AppleHardwareType.swift; sourceTree = "<group>"; };
		2DA0098E2017BA16004A5F55 /* README.md */ = {isa = PBXFileReference; lastKnownFileType = net.daringfireball.markdown; path = README.md; sourceTree = "<group>"; };
		2DA009902017BA60004A5F55 /* ColorExtensions.swift */ = {isa = PBXFileReference; lastKnownFileType = sourcecode.swift; path = ColorExtensions.swift; sourceTree = "<group>"; };
		2DA009912017BA60004A5F55 /* DataExtensions.swift */ = {isa = PBXFileReference; lastKnownFileType = sourcecode.swift; path = DataExtensions.swift; sourceTree = "<group>"; };
		2DA009922017BA60004A5F55 /* README.md */ = {isa = PBXFileReference; lastKnownFileType = net.daringfireball.markdown; path = README.md; sourceTree = "<group>"; };
		2DA009932017BA60004A5F55 /* ImageExtensions.swift */ = {isa = PBXFileReference; lastKnownFileType = sourcecode.swift; path = ImageExtensions.swift; sourceTree = "<group>"; };
		2DA009942017BA60004A5F55 /* StringExtensions.swift */ = {isa = PBXFileReference; lastKnownFileType = sourcecode.swift; path = StringExtensions.swift; sourceTree = "<group>"; };
		2DA009B32017BB30004A5F55 /* ActionUtilities.h */ = {isa = PBXFileReference; fileEncoding = 4; lastKnownFileType = sourcecode.c.h; path = ActionUtilities.h; sourceTree = "<group>"; };
		2DA009B52017BBB5004A5F55 /* ActionUtilities.h */ = {isa = PBXFileReference; fileEncoding = 4; lastKnownFileType = sourcecode.c.h; path = ActionUtilities.h; sourceTree = "<group>"; };
		2DA009B72017BF20004A5F55 /* ActionUtilities.h */ = {isa = PBXFileReference; fileEncoding = 4; lastKnownFileType = sourcecode.c.h; path = ActionUtilities.h; sourceTree = "<group>"; };
		2DA009B92017BFA4004A5F55 /* ActionUtilities.h */ = {isa = PBXFileReference; fileEncoding = 4; lastKnownFileType = sourcecode.c.h; path = ActionUtilities.h; sourceTree = "<group>"; };
		2DCB835120190ABA009BEF01 /* README.md */ = {isa = PBXFileReference; lastKnownFileType = net.daringfireball.markdown; path = README.md; sourceTree = "<group>"; };
		2DCB835220190AD9009BEF01 /* ACNotify.swift */ = {isa = PBXFileReference; lastKnownFileType = sourcecode.swift; path = ACNotify.swift; sourceTree = "<group>"; };
		2DD0E93220596C6300724964 /* README.md */ = {isa = PBXFileReference; lastKnownFileType = net.daringfireball.markdown; path = README.md; sourceTree = "<group>"; };
		2DD0E933205970F400724964 /* License.md */ = {isa = PBXFileReference; lastKnownFileType = net.daringfireball.markdown; path = License.md; sourceTree = "<group>"; };
		2DD0E9342059722300724964 /* README.md */ = {isa = PBXFileReference; lastKnownFileType = net.daringfireball.markdown; path = README.md; sourceTree = "<group>"; };
		2DD0E935205972AD00724964 /* README.md */ = {isa = PBXFileReference; lastKnownFileType = net.daringfireball.markdown; path = README.md; sourceTree = "<group>"; };
		2DD0E9362059732300724964 /* README.md */ = {isa = PBXFileReference; lastKnownFileType = net.daringfireball.markdown; path = README.md; sourceTree = "<group>"; };
		2DDBA9EA2051B99B00B4CCAD /* ActionUtilities.framework */ = {isa = PBXFileReference; lastKnownFileType = wrapper.framework; name = ActionUtilities.framework; path = ActionUtilitiesFrameworks/iOS/ActionUtilities.framework; sourceTree = "<group>"; };
/* End PBXFileReference section */

/* Begin PBXFrameworksBuildPhase section */
		2DA009472017B3C4004A5F55 /* Frameworks */ = {
			isa = PBXFrameworksBuildPhase;
			buildActionMask = 2147483647;
			files = (
			);
			runOnlyForDeploymentPostprocessing = 0;
		};
		2DA009552017B3E3004A5F55 /* Frameworks */ = {
			isa = PBXFrameworksBuildPhase;
			buildActionMask = 2147483647;
			files = (
			);
			runOnlyForDeploymentPostprocessing = 0;
		};
		2DA009622017B401004A5F55 /* Frameworks */ = {
			isa = PBXFrameworksBuildPhase;
			buildActionMask = 2147483647;
			files = (
			);
			runOnlyForDeploymentPostprocessing = 0;
		};
		2DA0096F2017B433004A5F55 /* Frameworks */ = {
			isa = PBXFrameworksBuildPhase;
			buildActionMask = 2147483647;
			files = (
			);
			runOnlyForDeploymentPostprocessing = 0;
		};
/* End PBXFrameworksBuildPhase section */

/* Begin PBXGroup section */
		2DA0093F2017B3AA004A5F55 = {
			isa = PBXGroup;
			children = (
				2DD0E933205970F400724964 /* License.md */,
				2DA009882017B9CB004A5F55 /* README.md */,
				2DA009892017B9CB004A5F55 /* TrimFramework.sh */,
				2DA0097B2017B479004A5F55 /* SharedSource */,
				2DA0094D2017B3C4004A5F55 /* ActionUtilities iOS */,
				2DA0095A2017B3E4004A5F55 /* ActionUtilities watchOS */,
				2DA009672017B401004A5F55 /* ActionUtilities tvOS */,
				2DA009742017B433004A5F55 /* ActionUtilities macOS */,
				2DA0094C2017B3C4004A5F55 /* Products */,
				2DDBA9E92051B99B00B4CCAD /* Frameworks */,
			);
			sourceTree = "<group>";
		};
		2DA0094C2017B3C4004A5F55 /* Products */ = {
			isa = PBXGroup;
			children = (
				2DA0094B2017B3C4004A5F55 /* ActionUtilities.framework */,
				2DA009592017B3E3004A5F55 /* ActionUtilities.framework */,
				2DA009662017B401004A5F55 /* ActionUtilities.framework */,
				2DA009732017B433004A5F55 /* ActionUtilities.framework */,
			);
			name = Products;
			sourceTree = "<group>";
		};
		2DA0094D2017B3C4004A5F55 /* ActionUtilities iOS */ = {
			isa = PBXGroup;
			children = (
				2DD0E93220596C6300724964 /* README.md */,
				2DA009B32017BB30004A5F55 /* ActionUtilities.h */,
				2DA0094F2017B3C4004A5F55 /* Info.plist */,
			);
			path = "ActionUtilities iOS";
			sourceTree = "<group>";
		};
		2DA0095A2017B3E4004A5F55 /* ActionUtilities watchOS */ = {
			isa = PBXGroup;
			children = (
				2DD0E9342059722300724964 /* README.md */,
				2DA009B52017BBB5004A5F55 /* ActionUtilities.h */,
				2DA0095C2017B3E4004A5F55 /* Info.plist */,
			);
			path = "ActionUtilities watchOS";
			sourceTree = "<group>";
		};
		2DA009672017B401004A5F55 /* ActionUtilities tvOS */ = {
			isa = PBXGroup;
			children = (
				2DD0E935205972AD00724964 /* README.md */,
				2DA009B72017BF20004A5F55 /* ActionUtilities.h */,
				2DA009692017B401004A5F55 /* Info.plist */,
			);
			path = "ActionUtilities tvOS";
			sourceTree = "<group>";
		};
		2DA009742017B433004A5F55 /* ActionUtilities macOS */ = {
			isa = PBXGroup;
			children = (
				2DD0E9362059732300724964 /* README.md */,
				2DA009B92017BFA4004A5F55 /* ActionUtilities.h */,
				2DA009762017B433004A5F55 /* Info.plist */,
				2DCB835020190A89009BEF01 /* Utilities */,
				2DA0098F2017BA43004A5F55 /* Extensions */,
			);
			path = "ActionUtilities macOS";
			sourceTree = "<group>";
		};
		2DA0097B2017B479004A5F55 /* SharedSource */ = {
			isa = PBXGroup;
			children = (
				2DA009822017B944004A5F55 /* README.md */,
				2DA009812017B8D0004A5F55 /* Hardware */,
				2DA009802017B8C6004A5F55 /* Utilities */,
				2DA0097F2017B8AC004A5F55 /* Extensions */,
			);
			path = SharedSource;
			sourceTree = "<group>";
		};
		2DA0097F2017B8AC004A5F55 /* Extensions */ = {
			isa = PBXGroup;
			children = (
				2DA009842017B9B5004A5F55 /* README.md */,
				2DA009832017B9B5004A5F55 /* ColorExtensions.swift */,
				2DA009852017B9B5004A5F55 /* DataExtensions.swift */,
				2DA009872017B9B5004A5F55 /* ImageExtensions.swift */,
				2DA009862017B9B5004A5F55 /* StringExtensions.swift */,
			);
			path = Extensions;
			sourceTree = "<group>";
		};
		2DA009802017B8C6004A5F55 /* Utilities */ = {
			isa = PBXGroup;
			children = (
				2DA0098A2017BA02004A5F55 /* README.md */,
				2DA0098B2017BA03004A5F55 /* ACNotify.swift */,
			);
			path = Utilities;
			sourceTree = "<group>";
		};
		2DA009812017B8D0004A5F55 /* Hardware */ = {
			isa = PBXGroup;
			children = (
				2DA0098E2017BA16004A5F55 /* README.md */,
				2DA0098D2017BA16004A5F55 /* AppleHardwareType.swift */,
				2DA0098C2017BA16004A5F55 /* HardwareInformation.swift */,
			);
			path = Hardware;
			sourceTree = "<group>";
		};
		2DA0098F2017BA43004A5F55 /* Extensions */ = {
			isa = PBXGroup;
			children = (
				2DA009922017BA60004A5F55 /* README.md */,
				2DA009902017BA60004A5F55 /* ColorExtensions.swift */,
				2DA009912017BA60004A5F55 /* DataExtensions.swift */,
				2DA009932017BA60004A5F55 /* ImageExtensions.swift */,
				2DA009942017BA60004A5F55 /* StringExtensions.swift */,
			);
			path = Extensions;
			sourceTree = "<group>";
		};
		2DCB835020190A89009BEF01 /* Utilities */ = {
			isa = PBXGroup;
			children = (
				2DCB835120190ABA009BEF01 /* README.md */,
				2DCB835220190AD9009BEF01 /* ACNotify.swift */,
			);
			path = Utilities;
			sourceTree = "<group>";
		};
		2DDBA9E92051B99B00B4CCAD /* Frameworks */ = {
			isa = PBXGroup;
			children = (
				2DDBA9EA2051B99B00B4CCAD /* ActionUtilities.framework */,
			);
			name = Frameworks;
			sourceTree = "<group>";
		};
/* End PBXGroup section */

/* Begin PBXHeadersBuildPhase section */
		2DA009482017B3C4004A5F55 /* Headers */ = {
			isa = PBXHeadersBuildPhase;
			buildActionMask = 2147483647;
			files = (
				2DA009B42017BB30004A5F55 /* ActionUtilities.h in Headers */,
			);
			runOnlyForDeploymentPostprocessing = 0;
		};
		2DA009562017B3E3004A5F55 /* Headers */ = {
			isa = PBXHeadersBuildPhase;
			buildActionMask = 2147483647;
			files = (
				2DA009B62017BBB5004A5F55 /* ActionUtilities.h in Headers */,
			);
			runOnlyForDeploymentPostprocessing = 0;
		};
		2DA009632017B401004A5F55 /* Headers */ = {
			isa = PBXHeadersBuildPhase;
			buildActionMask = 2147483647;
			files = (
				2DA009B82017BF20004A5F55 /* ActionUtilities.h in Headers */,
			);
			runOnlyForDeploymentPostprocessing = 0;
		};
		2DA009702017B433004A5F55 /* Headers */ = {
			isa = PBXHeadersBuildPhase;
			buildActionMask = 2147483647;
			files = (
				2DA009BA2017BFA4004A5F55 /* ActionUtilities.h in Headers */,
			);
			runOnlyForDeploymentPostprocessing = 0;
		};
/* End PBXHeadersBuildPhase section */

/* Begin PBXNativeTarget section */
		2DA0094A2017B3C4004A5F55 /* ActionUtilities iOS */ = {
			isa = PBXNativeTarget;
			buildConfigurationList = 2DA009512017B3C4004A5F55 /* Build configuration list for PBXNativeTarget "ActionUtilities iOS" */;
			buildPhases = (
				2DA009462017B3C4004A5F55 /* Sources */,
				2DA009472017B3C4004A5F55 /* Frameworks */,
				2DA009482017B3C4004A5F55 /* Headers */,
				2DA009492017B3C4004A5F55 /* Resources */,
			);
			buildRules = (
			);
			dependencies = (
			);
			name = "ActionUtilities iOS";
			productName = "ActionUtilities iOS";
			productReference = 2DA0094B2017B3C4004A5F55 /* ActionUtilities.framework */;
			productType = "com.apple.product-type.framework";
		};
		2DA009582017B3E3004A5F55 /* ActionUtilities watchOS */ = {
			isa = PBXNativeTarget;
			buildConfigurationList = 2DA0095E2017B3E4004A5F55 /* Build configuration list for PBXNativeTarget "ActionUtilities watchOS" */;
			buildPhases = (
				2DA009542017B3E3004A5F55 /* Sources */,
				2DA009552017B3E3004A5F55 /* Frameworks */,
				2DA009562017B3E3004A5F55 /* Headers */,
				2DA009572017B3E3004A5F55 /* Resources */,
			);
			buildRules = (
			);
			dependencies = (
			);
			name = "ActionUtilities watchOS";
			productName = "ActionUtilities watchOS";
			productReference = 2DA009592017B3E3004A5F55 /* ActionUtilities.framework */;
			productType = "com.apple.product-type.framework";
		};
		2DA009652017B401004A5F55 /* ActionUtilities tvOS */ = {
			isa = PBXNativeTarget;
			buildConfigurationList = 2DA0096B2017B401004A5F55 /* Build configuration list for PBXNativeTarget "ActionUtilities tvOS" */;
			buildPhases = (
				2DA009612017B401004A5F55 /* Sources */,
				2DA009622017B401004A5F55 /* Frameworks */,
				2DA009632017B401004A5F55 /* Headers */,
				2DA009642017B401004A5F55 /* Resources */,
			);
			buildRules = (
			);
			dependencies = (
			);
			name = "ActionUtilities tvOS";
			productName = "ActionUtilities tvOS";
			productReference = 2DA009662017B401004A5F55 /* ActionUtilities.framework */;
			productType = "com.apple.product-type.framework";
		};
		2DA009722017B433004A5F55 /* ActionUtilities macOS */ = {
			isa = PBXNativeTarget;
			buildConfigurationList = 2DA009782017B433004A5F55 /* Build configuration list for PBXNativeTarget "ActionUtilities macOS" */;
			buildPhases = (
				2DA0096E2017B433004A5F55 /* Sources */,
				2DA0096F2017B433004A5F55 /* Frameworks */,
				2DA009702017B433004A5F55 /* Headers */,
				2DA009712017B433004A5F55 /* Resources */,
			);
			buildRules = (
			);
			dependencies = (
			);
			name = "ActionUtilities macOS";
			productName = "ActionUtilities macOS";
			productReference = 2DA009732017B433004A5F55 /* ActionUtilities.framework */;
			productType = "com.apple.product-type.framework";
		};
/* End PBXNativeTarget section */

/* Begin PBXProject section */
		2DA009402017B3AA004A5F55 /* Project object */ = {
			isa = PBXProject;
			attributes = {
				LastUpgradeCheck = 0930;
				TargetAttributes = {
					2DA0094A2017B3C4004A5F55 = {
						CreatedOnToolsVersion = 9.2;
						ProvisioningStyle = Automatic;
					};
					2DA009582017B3E3004A5F55 = {
						CreatedOnToolsVersion = 9.2;
						ProvisioningStyle = Automatic;
					};
					2DA009652017B401004A5F55 = {
						CreatedOnToolsVersion = 9.2;
						ProvisioningStyle = Automatic;
					};
					2DA009722017B433004A5F55 = {
						CreatedOnToolsVersion = 9.2;
						ProvisioningStyle = Automatic;
					};
					2DA009BB2017C066004A5F55 = {
						CreatedOnToolsVersion = 9.2;
						ProvisioningStyle = Automatic;
					};
					2DA009C22017CFEB004A5F55 = {
						CreatedOnToolsVersion = 9.2;
						ProvisioningStyle = Automatic;
					};
					2DA009C82017D129004A5F55 = {
						CreatedOnToolsVersion = 9.2;
						ProvisioningStyle = Automatic;
					};
					2DA009CE2017D20F004A5F55 = {
						CreatedOnToolsVersion = 9.2;
						ProvisioningStyle = Automatic;
					};
				};
			};
			buildConfigurationList = 2DA009432017B3AA004A5F55 /* Build configuration list for PBXProject "ActionUtilities" */;
			compatibilityVersion = "Xcode 8.0";
			developmentRegion = en;
			hasScannedForEncodings = 0;
			knownRegions = (
				en,
			);
			mainGroup = 2DA0093F2017B3AA004A5F55;
			productRefGroup = 2DA0094C2017B3C4004A5F55 /* Products */;
			projectDirPath = "";
			projectRoot = "";
			targets = (
				2DA0094A2017B3C4004A5F55 /* ActionUtilities iOS */,
				2DA009582017B3E3004A5F55 /* ActionUtilities watchOS */,
				2DA009652017B401004A5F55 /* ActionUtilities tvOS */,
				2DA009722017B433004A5F55 /* ActionUtilities macOS */,
				2DA009BB2017C066004A5F55 /* Package iOS */,
				2DA009C22017CFEB004A5F55 /* Package watchOS */,
				2DA009C82017D129004A5F55 /* Package tvOS */,
				2DA009CE2017D20F004A5F55 /* Package macOS */,
			);
		};
/* End PBXProject section */

/* Begin PBXResourcesBuildPhase section */
		2DA009492017B3C4004A5F55 /* Resources */ = {
			isa = PBXResourcesBuildPhase;
			buildActionMask = 2147483647;
			files = (
				2DA009952017BA6C004A5F55 /* TrimFramework.sh in Resources */,
			);
			runOnlyForDeploymentPostprocessing = 0;
		};
		2DA009572017B3E3004A5F55 /* Resources */ = {
			isa = PBXResourcesBuildPhase;
			buildActionMask = 2147483647;
			files = (
				2DA009962017BA6C004A5F55 /* TrimFramework.sh in Resources */,
			);
			runOnlyForDeploymentPostprocessing = 0;
		};
		2DA009642017B401004A5F55 /* Resources */ = {
			isa = PBXResourcesBuildPhase;
			buildActionMask = 2147483647;
			files = (
				2DA009972017BA6D004A5F55 /* TrimFramework.sh in Resources */,
			);
			runOnlyForDeploymentPostprocessing = 0;
		};
		2DA009712017B433004A5F55 /* Resources */ = {
			isa = PBXResourcesBuildPhase;
			buildActionMask = 2147483647;
			files = (
				2DA009982017BA6D004A5F55 /* TrimFramework.sh in Resources */,
			);
			runOnlyForDeploymentPostprocessing = 0;
		};
/* End PBXResourcesBuildPhase section */

/* Begin PBXShellScriptBuildPhase section */
		2DA009BF2017C070004A5F55 /* Make Universal Library */ = {
			isa = PBXShellScriptBuildPhase;
			buildActionMask = 2147483647;
			files = (
			);
			inputPaths = (
			);
			name = "Make Universal Library";
			outputPaths = (
			);
			runOnlyForDeploymentPostprocessing = 0;
			shellPath = /bin/sh;
			shellScript = "#!/bin/sh\n\n# Define Macros\nRELEASE_TYPE=\"\"\n\nUNIVERSAL_TARGET=\"iOS\"\nUNIVERSAL_OUTPUTFOLDER=${BUILD_DIR}/${CONFIGURATION}-universal-${UNIVERSAL_TARGET}\nUNIVERSAL_FRAMEWORKFOLDER=${PROJECT_NAME}${RELEASE_TYPE}/${UNIVERSAL_TARGET}\nDEVICE_OS=\"iphoneos\"\nDEVICE_SIMULATOR=\"iphonesimulator\"\n\n# Make sure the output directories exists\nmkdir -p \"${UNIVERSAL_OUTPUTFOLDER}\"\nmkdir -p \"${UNIVERSAL_FRAMEWORKFOLDER}\"\n\n# Testing\n#open \"${BUILD_DIR}\"\n\n# Step 1. Build Device and Simulator versions\n# See: https://developer.apple.com/legacy/library/documentation/Darwin/Reference/ManPages/man1/xcodebuild.1.html\nxcodebuild -target \"${PROJECT_NAME} ${UNIVERSAL_TARGET}\" ONLY_ACTIVE_ARCH=NO -configuration ${CONFIGURATION} -sdk ${DEVICE_OS}  BUILD_DIR=\"${BUILD_DIR}\" BUILD_ROOT=\"${BUILD_ROOT}\" clean build\nxcodebuild -target \"${PROJECT_NAME} ${UNIVERSAL_TARGET}\" VALID_ARCHS=\"x86_64 i386\" -configuration ${CONFIGURATION} -sdk ${DEVICE_SIMULATOR} ONLY_ACTIVE_ARCH=NO BUILD_DIR=\"${BUILD_DIR}\" BUILD_ROOT=\"${BUILD_ROOT}\" clean build\n\n# Step 2. Copy the framework structure (from iphoneos build) to the universal folder\ncp -R \"${BUILD_DIR}/${CONFIGURATION}-${DEVICE_OS}/${PROJECT_NAME}.framework\" \"${UNIVERSAL_OUTPUTFOLDER}/\"\n\n# Step 3. Copy Swift modules from iphonesimulator build (if it exists) to the copied framework directory\nSIMULATOR_SWIFT_MODULES_DIR=\"${BUILD_DIR}/${CONFIGURATION}-${DEVICE_SIMULATOR}/${PROJECT_NAME}.framework/Modules/${PROJECT_NAME}.swiftmodule/.\"\nif [ -d \"${SIMULATOR_SWIFT_MODULES_DIR}\" ]; then\ncp -R \"${SIMULATOR_SWIFT_MODULES_DIR}\" \"${UNIVERSAL_OUTPUTFOLDER}/${PROJECT_NAME}.framework/Modules/${PROJECT_NAME}.swiftmodule\"\nfi\n\n# Step 4. Create universal binary file using lipo and place the combined executable in the copied framework directory\nlipo -create -output \"${UNIVERSAL_OUTPUTFOLDER}/${PROJECT_NAME}.framework/${PROJECT_NAME}\" \"${BUILD_DIR}/${CONFIGURATION}-${DEVICE_SIMULATOR}/${PROJECT_NAME}.framework/${PROJECT_NAME}\" \"${BUILD_DIR}/${CONFIGURATION}-${DEVICE_OS}/${PROJECT_NAME}.framework/${PROJECT_NAME}\"\n\n# Step 5. Convenience step to copy the framework to the project's directory\ncp -R \"${UNIVERSAL_OUTPUTFOLDER}/${PROJECT_NAME}.framework\" \"${UNIVERSAL_FRAMEWORKFOLDER}/\"\n\n# Step 6. Convenience step to open the project's directory in Finder\n# open \"${UNIVERSAL_FRAMEWORKFOLDER}/\"\n\n# KKM - Testing\n# open \"${UNIVERSAL_OUTPUTFOLDER}\"";
		};
		2DA009C02017C68A004A5F55 /* Build API Documentation */ = {
			isa = PBXShellScriptBuildPhase;
			buildActionMask = 2147483647;
			files = (
			);
			inputPaths = (
			);
			name = "Build API Documentation";
			outputPaths = (
			);
			runOnlyForDeploymentPostprocessing = 0;
			shellPath = /bin/sh;
			shellScript = "#!/bin/sh\n\n# Define macros\nAPI_TARGET=\"iOS\"\nAPI_OUTPUT=\"${PROJECT_DIR}/API/${API_TARGET}\"\nDEVICE_OS=\"iphoneos\"\nROOT_URL=\"http://appracatappra.com/api/actionutilities/ios/\"\n\n# Make sure the output directory exists\nmkdir -p \"${API_OUTPUT}\"\n\n# Move to project directory\ncd \"${PROJECT_DIR}\"\n\n# Create documentation with Jazzy\njazzy --output \"${API_OUTPUT}\" --sdk ${DEVICE_OS} --clean --xcodebuild-arguments -target,\"${PROJECT_NAME} ${API_TARGET}\" --module ${PROJECT_NAME} --author \"Appracatappra, LLC\" --root-url \"${ROOT_URL}\"\n\n# Open project directory\n# open \"${API_OUTPUT}\"";
		};
		2DA009C62017D00C004A5F55 /* Make Universal Library */ = {
			isa = PBXShellScriptBuildPhase;
			buildActionMask = 2147483647;
			files = (
			);
			inputPaths = (
			);
			name = "Make Universal Library";
			outputPaths = (
			);
			runOnlyForDeploymentPostprocessing = 0;
			shellPath = /bin/sh;
			shellScript = "#!/bin/sh\n\n# Define Macros\nRELEASE_TYPE=\"\"\n\nUNIVERSAL_TARGET=\"watchOS\"\nUNIVERSAL_OUTPUTFOLDER=${BUILD_DIR}/${CONFIGURATION}-universal-${UNIVERSAL_TARGET}\nUNIVERSAL_FRAMEWORKFOLDER=${PROJECT_NAME}${RELEASE_TYPE}/${UNIVERSAL_TARGET}\nDEVICE_OS=\"watchos\"\nDEVICE_SIMULATOR=\"watchsimulator\"\n\n# Make sure the output directories exists\nmkdir -p \"${UNIVERSAL_OUTPUTFOLDER}\"\nmkdir -p \"${UNIVERSAL_FRAMEWORKFOLDER}\"\n\n# Step 1. Build Device and Simulator versions\n# See: https://developer.apple.com/legacy/library/documentation/Darwin/Reference/ManPages/man1/xcodebuild.1.html\nxcodebuild -target \"${PROJECT_NAME} ${UNIVERSAL_TARGET}\" ONLY_ACTIVE_ARCH=NO -configuration ${CONFIGURATION} -sdk ${DEVICE_OS}  BUILD_DIR=\"${BUILD_DIR}\" BUILD_ROOT=\"${BUILD_ROOT}\" clean build\nxcodebuild -target \"${PROJECT_NAME} ${UNIVERSAL_TARGET}\" VALID_ARCHS=\"x86_64 i386\" -configuration ${CONFIGURATION} -sdk ${DEVICE_SIMULATOR} ONLY_ACTIVE_ARCH=NO BUILD_DIR=\"${BUILD_DIR}\" BUILD_ROOT=\"${BUILD_ROOT}\" clean build\n\n# Step 2. Copy the framework structure (from iphoneos build) to the universal folder\ncp -R \"${BUILD_DIR}/${CONFIGURATION}-${DEVICE_OS}/${PROJECT_NAME}.framework\" \"${UNIVERSAL_OUTPUTFOLDER}/\"\n\n# Step 3. Copy Swift modules from iphonesimulator build (if it exists) to the copied framework directory\nSIMULATOR_SWIFT_MODULES_DIR=\"${BUILD_DIR}/${CONFIGURATION}-${DEVICE_SIMULATOR}/${PROJECT_NAME}.framework/Modules/${PROJECT_NAME}.swiftmodule/.\"\nif [ -d \"${SIMULATOR_SWIFT_MODULES_DIR}\" ]; then\ncp -R \"${SIMULATOR_SWIFT_MODULES_DIR}\" \"${UNIVERSAL_OUTPUTFOLDER}/${PROJECT_NAME}.framework/Modules/${PROJECT_NAME}.swiftmodule\"\nfi\n\n# Step 4. Create universal binary file using lipo and place the combined executable in the copied framework directory\nlipo -create -output \"${UNIVERSAL_OUTPUTFOLDER}/${PROJECT_NAME}.framework/${PROJECT_NAME}\" \"${BUILD_DIR}/${CONFIGURATION}-${DEVICE_SIMULATOR}/${PROJECT_NAME}.framework/${PROJECT_NAME}\" \"${BUILD_DIR}/${CONFIGURATION}-${DEVICE_OS}/${PROJECT_NAME}.framework/${PROJECT_NAME}\"\n\n# Step 5. Convenience step to copy the framework to the project's directory\ncp -R \"${UNIVERSAL_OUTPUTFOLDER}/${PROJECT_NAME}.framework\" \"${UNIVERSAL_FRAMEWORKFOLDER}/\"\n\n# Step 6. Convenience step to open the project's directory in Finder\n# open \"${UNIVERSAL_FRAMEWORKFOLDER}/\"\n\n# KKM - Testing\n# open \"${UNIVERSAL_OUTPUTFOLDER}\"";
		};
		2DA009C72017D0A8004A5F55 /* Build API Documentation */ = {
			isa = PBXShellScriptBuildPhase;
			buildActionMask = 2147483647;
			files = (
			);
			inputPaths = (
			);
			name = "Build API Documentation";
			outputPaths = (
			);
			runOnlyForDeploymentPostprocessing = 0;
			shellPath = /bin/sh;
			shellScript = "#!/bin/sh\n\n# Define macros\nAPI_TARGET=\"watchOS\"\nAPI_OUTPUT=\"${PROJECT_DIR}/API/${API_TARGET}\"\nDEVICE_OS=\"watchos\"\nROOT_URL=\"http://appracatappra.com/api/actionutilities/watchos/\"\n\n# Make sure the output directory exists\nmkdir -p \"${API_OUTPUT}\"\n\n# Move to project directory\ncd \"${PROJECT_DIR}\"\n\n# Create documentation with Jazzy\njazzy --output \"${API_OUTPUT}\" --sdk ${DEVICE_OS} --clean --xcodebuild-arguments -target,\"${PROJECT_NAME} ${API_TARGET}\" --module ${PROJECT_NAME} --author \"Appracatappra, LLC\" --root-url \"${ROOT_URL}\"\n\n# Open project directory\n# open \"${API_OUTPUT}\"";
		};
		2DA009CC2017D13D004A5F55 /* Make Universal Library */ = {
			isa = PBXShellScriptBuildPhase;
			buildActionMask = 2147483647;
			files = (
			);
			inputPaths = (
			);
			name = "Make Universal Library";
			outputPaths = (
			);
			runOnlyForDeploymentPostprocessing = 0;
			shellPath = /bin/sh;
			shellScript = "#!/bin/sh\n\n# Define Macros\nRELEASE_TYPE=\"\"\n\nUNIVERSAL_TARGET=\"tvOS\"\nUNIVERSAL_OUTPUTFOLDER=${BUILD_DIR}/${CONFIGURATION}-universal-${UNIVERSAL_TARGET}\nUNIVERSAL_FRAMEWORKFOLDER=${PROJECT_NAME}${RELEASE_TYPE}/${UNIVERSAL_TARGET}\nDEVICE_OS=\"appletvos\"\nDEVICE_SIMULATOR=\"appletvsimulator\"\n\n# Make sure the output directories exists\nmkdir -p \"${UNIVERSAL_OUTPUTFOLDER}\"\nmkdir -p \"${UNIVERSAL_FRAMEWORKFOLDER}\"\n\n# Step 1. Build Device and Simulator versions\n# See: https://developer.apple.com/legacy/library/documentation/Darwin/Reference/ManPages/man1/xcodebuild.1.html\nxcodebuild -target \"${PROJECT_NAME} ${UNIVERSAL_TARGET}\" ONLY_ACTIVE_ARCH=NO -configuration ${CONFIGURATION} -sdk ${DEVICE_OS}  BUILD_DIR=\"${BUILD_DIR}\" BUILD_ROOT=\"${BUILD_ROOT}\" clean build\nxcodebuild -target \"${PROJECT_NAME} ${UNIVERSAL_TARGET}\" VALID_ARCHS=\"x86_64 i386\" -configuration ${CONFIGURATION} -sdk ${DEVICE_SIMULATOR} ONLY_ACTIVE_ARCH=NO BUILD_DIR=\"${BUILD_DIR}\" BUILD_ROOT=\"${BUILD_ROOT}\" clean build\n\n# Step 2. Copy the framework structure (from iphoneos build) to the universal folder\ncp -R \"${BUILD_DIR}/${CONFIGURATION}-${DEVICE_OS}/${PROJECT_NAME}.framework\" \"${UNIVERSAL_OUTPUTFOLDER}/\"\n\n# Step 3. Copy Swift modules from iphonesimulator build (if it exists) to the copied framework directory\nSIMULATOR_SWIFT_MODULES_DIR=\"${BUILD_DIR}/${CONFIGURATION}-${DEVICE_SIMULATOR}/${PROJECT_NAME}.framework/Modules/${PROJECT_NAME}.swiftmodule/.\"\nif [ -d \"${SIMULATOR_SWIFT_MODULES_DIR}\" ]; then\ncp -R \"${SIMULATOR_SWIFT_MODULES_DIR}\" \"${UNIVERSAL_OUTPUTFOLDER}/${PROJECT_NAME}.framework/Modules/${PROJECT_NAME}.swiftmodule\"\nfi\n\n# Step 4. Create universal binary file using lipo and place the combined executable in the copied framework directory\nlipo -create -output \"${UNIVERSAL_OUTPUTFOLDER}/${PROJECT_NAME}.framework/${PROJECT_NAME}\" \"${BUILD_DIR}/${CONFIGURATION}-${DEVICE_SIMULATOR}/${PROJECT_NAME}.framework/${PROJECT_NAME}\" \"${BUILD_DIR}/${CONFIGURATION}-${DEVICE_OS}/${PROJECT_NAME}.framework/${PROJECT_NAME}\"\n\n# Step 5. Convenience step to copy the framework to the project's directory\ncp -R \"${UNIVERSAL_OUTPUTFOLDER}/${PROJECT_NAME}.framework\" \"${UNIVERSAL_FRAMEWORKFOLDER}/\"\n\n# Step 6. Convenience step to open the project's directory in Finder\n# open \"${UNIVERSAL_FRAMEWORKFOLDER}/\"\n\n# KKM - Testing\n# open \"${UNIVERSAL_OUTPUTFOLDER}\"";
		};
		2DA009CD2017D17C004A5F55 /* Build API Documentation */ = {
			isa = PBXShellScriptBuildPhase;
			buildActionMask = 2147483647;
			files = (
			);
			inputPaths = (
			);
			name = "Build API Documentation";
			outputPaths = (
			);
			runOnlyForDeploymentPostprocessing = 0;
			shellPath = /bin/sh;
			shellScript = "#!/bin/sh\n\n# Define macros\nAPI_TARGET=\"tvOS\"\nAPI_OUTPUT=\"${PROJECT_DIR}/API/${API_TARGET}\"\nDEVICE_OS=\"appletvos\"\nROOT_URL=\"http://appracatappra.com/api/actionutilities/tvos/\"\n\n# Make sure the output directory exists\nmkdir -p \"${API_OUTPUT}\"\n\n# Move to project directory\ncd \"${PROJECT_DIR}\"\n\n# Create documentation with Jazzy\njazzy --output \"${API_OUTPUT}\" --sdk ${DEVICE_OS} --clean --xcodebuild-arguments -target,\"${PROJECT_NAME} ${API_TARGET}\" --module ${PROJECT_NAME} --author \"Appracatappra, LLC\" --root-url \"${ROOT_URL}\"\n\n# Open project directory\n# open \"${API_OUTPUT}\"";
		};
		2DA009D22017D214004A5F55 /* Make Library */ = {
			isa = PBXShellScriptBuildPhase;
			buildActionMask = 12;
			files = (
			);
			inputPaths = (
			);
			name = "Make Library";
			outputPaths = (
			);
			runOnlyForDeploymentPostprocessing = 0;
			shellPath = /bin/sh;
			shellScript = "#!/bin/sh\n\n# Define Macros\nRELEASE_TYPE=\"\"\n\nUNIVERSAL_TARGET=\"macOS\"\nDEVICE_OS=\"macosx\"\nUNIVERSAL_FRAMEWORKFOLDER=${PROJECT_NAME}${RELEASE_TYPE}/${UNIVERSAL_TARGET}\nFRAMEWORK_VERSION=\"TRIAL_VERSION\"\n\n# Make sure the output directories exists\nmkdir -p \"${UNIVERSAL_FRAMEWORKFOLDER}\"\n\n# Step 1. Build Device and Simulator versions\n# See: https://developer.apple.com/legacy/library/documentation/Darwin/Reference/ManPages/man1/xcodebuild.1.html\nxcodebuild -target \"${PROJECT_NAME} ${UNIVERSAL_TARGET}\" ONLY_ACTIVE_ARCH=NO -configuration ${CONFIGURATION} -sdk ${DEVICE_OS}  BUILD_DIR=\"${BUILD_DIR}\" BUILD_ROOT=\"${BUILD_ROOT}\" OTHER_SWIFT_FLAGS=\"-D ${FRAMEWORK_VERSION}\" clean build\n\n\n# Step 2. Copy the framework structure (from iphoneos build) to the universal folder\ncp -R \"${BUILD_DIR}/${CONFIGURATION}/${PROJECT_NAME}.framework\" \"${UNIVERSAL_FRAMEWORKFOLDER}/\"\n\n# Step 3. Convenience step to open the project's directory in Finder\n# open \"${UNIVERSAL_FRAMEWORKFOLDER}/\"\n";
		};
		2DA009D32017D39B004A5F55 /* Build API Documentation */ = {
			isa = PBXShellScriptBuildPhase;
			buildActionMask = 2147483647;
			files = (
			);
			inputPaths = (
			);
			name = "Build API Documentation";
			outputPaths = (
			);
			runOnlyForDeploymentPostprocessing = 0;
			shellPath = /bin/sh;
			shellScript = "#!/bin/sh\n\n# Define macros\nAPI_TARGET=\"macOS\"\nAPI_OUTPUT=\"${PROJECT_DIR}/API/${API_TARGET}\"\nDEVICE_OS=\"macosx\"\nROOT_URL=\"http://appracatappra.com/api/actionutilities/macos/\"\n\n# Make sure the output directory exists\nmkdir -p \"${API_OUTPUT}\"\n\n# Move to project directory\ncd \"${PROJECT_DIR}\"\n\n# Create documentation with Jazzy\njazzy --output \"${API_OUTPUT}\" --sdk ${DEVICE_OS} --clean --xcodebuild-arguments -target,\"${PROJECT_NAME} ${API_TARGET}\" --module ${PROJECT_NAME} --author \"Appracatappra, LLC\" --root-url \"${ROOT_URL}\"\n\n# Open project directory\n# open \"${API_OUTPUT}\"";
		};
/* End PBXShellScriptBuildPhase section */

/* Begin PBXSourcesBuildPhase section */
		2DA009462017B3C4004A5F55 /* Sources */ = {
			isa = PBXSourcesBuildPhase;
			buildActionMask = 2147483647;
			files = (
				2DA009A12017BA7E004A5F55 /* ACNotify.swift in Sources */,
				2DA0099A2017BA78004A5F55 /* HardwareInformation.swift in Sources */,
				2DA009992017BA78004A5F55 /* AppleHardwareType.swift in Sources */,
				2DA009AE2017BA96004A5F55 /* StringExtensions.swift in Sources */,
				2DA009AD2017BA96004A5F55 /* ImageExtensions.swift in Sources */,
				2DA009AC2017BA96004A5F55 /* DataExtensions.swift in Sources */,
				2DA009AB2017BA96004A5F55 /* ColorExtensions.swift in Sources */,
			);
			runOnlyForDeploymentPostprocessing = 0;
		};
		2DA009542017B3E3004A5F55 /* Sources */ = {
			isa = PBXSourcesBuildPhase;
			buildActionMask = 2147483647;
			files = (
				2DA009AA2017BA95004A5F55 /* StringExtensions.swift in Sources */,
				2DA009A92017BA95004A5F55 /* ImageExtensions.swift in Sources */,
				2DA0099C2017BA78004A5F55 /* HardwareInformation.swift in Sources */,
				2DA009A82017BA95004A5F55 /* DataExtensions.swift in Sources */,
				2DA0099B2017BA78004A5F55 /* AppleHardwareType.swift in Sources */,
				2DA009A72017BA95004A5F55 /* ColorExtensions.swift in Sources */,
			);
			runOnlyForDeploymentPostprocessing = 0;
		};
		2DA009612017B401004A5F55 /* Sources */ = {
			isa = PBXSourcesBuildPhase;
			buildActionMask = 2147483647;
			files = (
				2DA009A22017BA8A004A5F55 /* ACNotify.swift in Sources */,
				2DA0099E2017BA79004A5F55 /* HardwareInformation.swift in Sources */,
				2DA0099D2017BA79004A5F55 /* AppleHardwareType.swift in Sources */,
				2DA009A62017BA95004A5F55 /* StringExtensions.swift in Sources */,
				2DA009A52017BA95004A5F55 /* ImageExtensions.swift in Sources */,
				2DA009A42017BA95004A5F55 /* DataExtensions.swift in Sources */,
				2DA009A32017BA95004A5F55 /* ColorExtensions.swift in Sources */,
			);
			runOnlyForDeploymentPostprocessing = 0;
		};
		2DA0096E2017B433004A5F55 /* Sources */ = {
			isa = PBXSourcesBuildPhase;
			buildActionMask = 2147483647;
			files = (
				2DCB835320190AD9009BEF01 /* ACNotify.swift in Sources */,
				2DA009B22017BAAF004A5F55 /* StringExtensions.swift in Sources */,
				2DA009B12017BAAF004A5F55 /* ImageExtensions.swift in Sources */,
				2DA009A02017BA79004A5F55 /* HardwareInformation.swift in Sources */,
				2DA009B02017BAAF004A5F55 /* DataExtensions.swift in Sources */,
				2DA0099F2017BA79004A5F55 /* AppleHardwareType.swift in Sources */,
				2DA009AF2017BAAF004A5F55 /* ColorExtensions.swift in Sources */,
			);
			runOnlyForDeploymentPostprocessing = 0;
		};
/* End PBXSourcesBuildPhase section */

/* Begin XCBuildConfiguration section */
		2DA009442017B3AA004A5F55 /* Debug */ = {
			isa = XCBuildConfiguration;
			buildSettings = {
				CLANG_WARN_BLOCK_CAPTURE_AUTORELEASING = YES;
				CLANG_WARN_BOOL_CONVERSION = YES;
				CLANG_WARN_COMMA = YES;
				CLANG_WARN_CONSTANT_CONVERSION = YES;
				CLANG_WARN_DEPRECATED_OBJC_IMPLEMENTATIONS = YES;
				CLANG_WARN_EMPTY_BODY = YES;
				CLANG_WARN_ENUM_CONVERSION = YES;
				CLANG_WARN_INFINITE_RECURSION = YES;
				CLANG_WARN_INT_CONVERSION = YES;
				CLANG_WARN_NON_LITERAL_NULL_CONVERSION = YES;
				CLANG_WARN_OBJC_IMPLICIT_RETAIN_SELF = YES;
				CLANG_WARN_OBJC_LITERAL_CONVERSION = YES;
				CLANG_WARN_RANGE_LOOP_ANALYSIS = YES;
				CLANG_WARN_STRICT_PROTOTYPES = YES;
				CLANG_WARN_SUSPICIOUS_MOVE = YES;
				CLANG_WARN_UNREACHABLE_CODE = YES;
				CLANG_WARN__DUPLICATE_METHOD_MATCH = YES;
				ENABLE_STRICT_OBJC_MSGSEND = YES;
				ENABLE_TESTABILITY = YES;
				GCC_NO_COMMON_BLOCKS = YES;
				GCC_WARN_64_TO_32_BIT_CONVERSION = YES;
				GCC_WARN_ABOUT_RETURN_TYPE = YES;
				GCC_WARN_UNDECLARED_SELECTOR = YES;
				GCC_WARN_UNINITIALIZED_AUTOS = YES;
				GCC_WARN_UNUSED_FUNCTION = YES;
				GCC_WARN_UNUSED_VARIABLE = YES;
				ONLY_ACTIVE_ARCH = YES;
				PRODUCT_NAME = "${PROJECT_NAME}";
			};
			name = Debug;
		};
		2DA009452017B3AA004A5F55 /* Release */ = {
			isa = XCBuildConfiguration;
			buildSettings = {
				CLANG_WARN_BLOCK_CAPTURE_AUTORELEASING = YES;
				CLANG_WARN_BOOL_CONVERSION = YES;
				CLANG_WARN_COMMA = YES;
				CLANG_WARN_CONSTANT_CONVERSION = YES;
				CLANG_WARN_DEPRECATED_OBJC_IMPLEMENTATIONS = YES;
				CLANG_WARN_EMPTY_BODY = YES;
				CLANG_WARN_ENUM_CONVERSION = YES;
				CLANG_WARN_INFINITE_RECURSION = YES;
				CLANG_WARN_INT_CONVERSION = YES;
				CLANG_WARN_NON_LITERAL_NULL_CONVERSION = YES;
				CLANG_WARN_OBJC_IMPLICIT_RETAIN_SELF = YES;
				CLANG_WARN_OBJC_LITERAL_CONVERSION = YES;
				CLANG_WARN_RANGE_LOOP_ANALYSIS = YES;
				CLANG_WARN_STRICT_PROTOTYPES = YES;
				CLANG_WARN_SUSPICIOUS_MOVE = YES;
				CLANG_WARN_UNREACHABLE_CODE = YES;
				CLANG_WARN__DUPLICATE_METHOD_MATCH = YES;
				ENABLE_STRICT_OBJC_MSGSEND = YES;
				GCC_NO_COMMON_BLOCKS = YES;
				GCC_WARN_64_TO_32_BIT_CONVERSION = YES;
				GCC_WARN_ABOUT_RETURN_TYPE = YES;
				GCC_WARN_UNDECLARED_SELECTOR = YES;
				GCC_WARN_UNINITIALIZED_AUTOS = YES;
				GCC_WARN_UNUSED_FUNCTION = YES;
				GCC_WARN_UNUSED_VARIABLE = YES;
				PRODUCT_NAME = "${PROJECT_NAME}";
				SWIFT_COMPILATION_MODE = wholemodule;
			};
			name = Release;
		};
		2DA009522017B3C4004A5F55 /* Debug */ = {
			isa = XCBuildConfiguration;
			buildSettings = {
				ALWAYS_SEARCH_USER_PATHS = NO;
				CLANG_ANALYZER_NONNULL = YES;
				CLANG_ANALYZER_NUMBER_OBJECT_CONVERSION = YES_AGGRESSIVE;
				CLANG_CXX_LANGUAGE_STANDARD = "gnu++14";
				CLANG_CXX_LIBRARY = "libc++";
				CLANG_ENABLE_MODULES = YES;
				CLANG_ENABLE_OBJC_ARC = YES;
				CLANG_WARN_BLOCK_CAPTURE_AUTORELEASING = YES;
				CLANG_WARN_BOOL_CONVERSION = YES;
				CLANG_WARN_COMMA = YES;
				CLANG_WARN_CONSTANT_CONVERSION = YES;
				CLANG_WARN_DIRECT_OBJC_ISA_USAGE = YES_ERROR;
				CLANG_WARN_DOCUMENTATION_COMMENTS = YES;
				CLANG_WARN_EMPTY_BODY = YES;
				CLANG_WARN_ENUM_CONVERSION = YES;
				CLANG_WARN_INFINITE_RECURSION = YES;
				CLANG_WARN_INT_CONVERSION = YES;
				CLANG_WARN_NON_LITERAL_NULL_CONVERSION = YES;
				CLANG_WARN_OBJC_LITERAL_CONVERSION = YES;
				CLANG_WARN_OBJC_ROOT_CLASS = YES_ERROR;
				CLANG_WARN_RANGE_LOOP_ANALYSIS = YES;
				CLANG_WARN_STRICT_PROTOTYPES = YES;
				CLANG_WARN_SUSPICIOUS_MOVE = YES;
				CLANG_WARN_UNGUARDED_AVAILABILITY = YES_AGGRESSIVE;
				CLANG_WARN_UNREACHABLE_CODE = YES;
				CLANG_WARN__DUPLICATE_METHOD_MATCH = YES;
				CODE_SIGN_IDENTITY = "";
				CODE_SIGN_STYLE = Automatic;
				COPY_PHASE_STRIP = NO;
				CURRENT_PROJECT_VERSION = 1;
				DEBUG_INFORMATION_FORMAT = dwarf;
				DEFINES_MODULE = YES;
				DEVELOPMENT_TEAM = Y2HRRTRAA5;
				DYLIB_COMPATIBILITY_VERSION = 1;
				DYLIB_CURRENT_VERSION = 1;
				DYLIB_INSTALL_NAME_BASE = "@rpath";
				ENABLE_STRICT_OBJC_MSGSEND = YES;
				ENABLE_TESTABILITY = YES;
				FRAMEWORK_SEARCH_PATHS = "";
				GCC_C_LANGUAGE_STANDARD = gnu11;
				GCC_DYNAMIC_NO_PIC = NO;
				GCC_NO_COMMON_BLOCKS = YES;
				GCC_OPTIMIZATION_LEVEL = 0;
				GCC_PREPROCESSOR_DEFINITIONS = (
					"DEBUG=1",
					"$(inherited)",
				);
				GCC_WARN_64_TO_32_BIT_CONVERSION = YES;
				GCC_WARN_ABOUT_RETURN_TYPE = YES_ERROR;
				GCC_WARN_UNDECLARED_SELECTOR = YES;
				GCC_WARN_UNINITIALIZED_AUTOS = YES_AGGRESSIVE;
				GCC_WARN_UNUSED_FUNCTION = YES;
				GCC_WARN_UNUSED_VARIABLE = YES;
				INFOPLIST_FILE = "ActionUtilities iOS/Info.plist";
				INSTALL_PATH = "$(LOCAL_LIBRARY_DIR)/Frameworks";
				IPHONEOS_DEPLOYMENT_TARGET = 11.3;
				LD_RUNPATH_SEARCH_PATHS = "$(inherited) @executable_path/Frameworks @loader_path/Frameworks";
				MTL_ENABLE_DEBUG_INFO = YES;
				ONLY_ACTIVE_ARCH = YES;
				PRODUCT_BUNDLE_IDENTIFIER = "com.appracatappra.${PROJECT_NAME}";
				SDKROOT = iphoneos;
				SKIP_INSTALL = NO;
				SWIFT_ACTIVE_COMPILATION_CONDITIONS = DEBUG;
				SWIFT_OPTIMIZATION_LEVEL = "-Onone";
				SWIFT_VERSION = 4.0;
				TARGETED_DEVICE_FAMILY = "1,2";
				VERSIONING_SYSTEM = "apple-generic";
				VERSION_INFO_PREFIX = "";
			};
			name = Debug;
		};
		2DA009532017B3C4004A5F55 /* Release */ = {
			isa = XCBuildConfiguration;
			buildSettings = {
				ALWAYS_SEARCH_USER_PATHS = NO;
				CLANG_ANALYZER_NONNULL = YES;
				CLANG_ANALYZER_NUMBER_OBJECT_CONVERSION = YES_AGGRESSIVE;
				CLANG_CXX_LANGUAGE_STANDARD = "gnu++14";
				CLANG_CXX_LIBRARY = "libc++";
				CLANG_ENABLE_MODULES = YES;
				CLANG_ENABLE_OBJC_ARC = YES;
				CLANG_WARN_BLOCK_CAPTURE_AUTORELEASING = YES;
				CLANG_WARN_BOOL_CONVERSION = YES;
				CLANG_WARN_COMMA = YES;
				CLANG_WARN_CONSTANT_CONVERSION = YES;
				CLANG_WARN_DIRECT_OBJC_ISA_USAGE = YES_ERROR;
				CLANG_WARN_DOCUMENTATION_COMMENTS = YES;
				CLANG_WARN_EMPTY_BODY = YES;
				CLANG_WARN_ENUM_CONVERSION = YES;
				CLANG_WARN_INFINITE_RECURSION = YES;
				CLANG_WARN_INT_CONVERSION = YES;
				CLANG_WARN_NON_LITERAL_NULL_CONVERSION = YES;
				CLANG_WARN_OBJC_LITERAL_CONVERSION = YES;
				CLANG_WARN_OBJC_ROOT_CLASS = YES_ERROR;
				CLANG_WARN_RANGE_LOOP_ANALYSIS = YES;
				CLANG_WARN_STRICT_PROTOTYPES = YES;
				CLANG_WARN_SUSPICIOUS_MOVE = YES;
				CLANG_WARN_UNGUARDED_AVAILABILITY = YES_AGGRESSIVE;
				CLANG_WARN_UNREACHABLE_CODE = YES;
				CLANG_WARN__DUPLICATE_METHOD_MATCH = YES;
				CODE_SIGN_IDENTITY = "";
				CODE_SIGN_STYLE = Automatic;
				COPY_PHASE_STRIP = NO;
				CURRENT_PROJECT_VERSION = 1;
				DEBUG_INFORMATION_FORMAT = "dwarf-with-dsym";
				DEFINES_MODULE = YES;
				DEVELOPMENT_TEAM = Y2HRRTRAA5;
				DYLIB_COMPATIBILITY_VERSION = 1;
				DYLIB_CURRENT_VERSION = 1;
				DYLIB_INSTALL_NAME_BASE = "@rpath";
				ENABLE_NS_ASSERTIONS = NO;
				ENABLE_STRICT_OBJC_MSGSEND = YES;
				FRAMEWORK_SEARCH_PATHS = "";
				GCC_C_LANGUAGE_STANDARD = gnu11;
				GCC_NO_COMMON_BLOCKS = YES;
				GCC_WARN_64_TO_32_BIT_CONVERSION = YES;
				GCC_WARN_ABOUT_RETURN_TYPE = YES_ERROR;
				GCC_WARN_UNDECLARED_SELECTOR = YES;
				GCC_WARN_UNINITIALIZED_AUTOS = YES_AGGRESSIVE;
				GCC_WARN_UNUSED_FUNCTION = YES;
				GCC_WARN_UNUSED_VARIABLE = YES;
				INFOPLIST_FILE = "ActionUtilities iOS/Info.plist";
				INSTALL_PATH = "$(LOCAL_LIBRARY_DIR)/Frameworks";
				IPHONEOS_DEPLOYMENT_TARGET = 11.3;
				LD_RUNPATH_SEARCH_PATHS = "$(inherited) @executable_path/Frameworks @loader_path/Frameworks";
				MTL_ENABLE_DEBUG_INFO = NO;
				PRODUCT_BUNDLE_IDENTIFIER = "com.appracatappra.${PROJECT_NAME}";
				SDKROOT = iphoneos;
				SKIP_INSTALL = NO;
				SWIFT_OPTIMIZATION_LEVEL = "-Owholemodule";
				SWIFT_VERSION = 4.0;
				TARGETED_DEVICE_FAMILY = "1,2";
				VALIDATE_PRODUCT = YES;
				VERSIONING_SYSTEM = "apple-generic";
				VERSION_INFO_PREFIX = "";
			};
			name = Release;
		};
		2DA0095F2017B3E4004A5F55 /* Debug */ = {
			isa = XCBuildConfiguration;
			buildSettings = {
				ALWAYS_SEARCH_USER_PATHS = NO;
				APPLICATION_EXTENSION_API_ONLY = YES;
				CLANG_ANALYZER_NONNULL = YES;
				CLANG_ANALYZER_NUMBER_OBJECT_CONVERSION = YES_AGGRESSIVE;
				CLANG_CXX_LANGUAGE_STANDARD = "gnu++14";
				CLANG_CXX_LIBRARY = "libc++";
				CLANG_ENABLE_MODULES = YES;
				CLANG_ENABLE_OBJC_ARC = YES;
				CLANG_WARN_BLOCK_CAPTURE_AUTORELEASING = YES;
				CLANG_WARN_BOOL_CONVERSION = YES;
				CLANG_WARN_COMMA = YES;
				CLANG_WARN_CONSTANT_CONVERSION = YES;
				CLANG_WARN_DIRECT_OBJC_ISA_USAGE = YES_ERROR;
				CLANG_WARN_DOCUMENTATION_COMMENTS = YES;
				CLANG_WARN_EMPTY_BODY = YES;
				CLANG_WARN_ENUM_CONVERSION = YES;
				CLANG_WARN_INFINITE_RECURSION = YES;
				CLANG_WARN_INT_CONVERSION = YES;
				CLANG_WARN_NON_LITERAL_NULL_CONVERSION = YES;
				CLANG_WARN_OBJC_LITERAL_CONVERSION = YES;
				CLANG_WARN_OBJC_ROOT_CLASS = YES_ERROR;
				CLANG_WARN_RANGE_LOOP_ANALYSIS = YES;
				CLANG_WARN_STRICT_PROTOTYPES = YES;
				CLANG_WARN_SUSPICIOUS_MOVE = YES;
				CLANG_WARN_UNGUARDED_AVAILABILITY = YES_AGGRESSIVE;
				CLANG_WARN_UNREACHABLE_CODE = YES;
				CLANG_WARN__DUPLICATE_METHOD_MATCH = YES;
				CODE_SIGN_IDENTITY = "";
				CODE_SIGN_STYLE = Automatic;
				COPY_PHASE_STRIP = NO;
				CURRENT_PROJECT_VERSION = 1;
				DEBUG_INFORMATION_FORMAT = dwarf;
				DEFINES_MODULE = YES;
				DEVELOPMENT_TEAM = Y2HRRTRAA5;
				DYLIB_COMPATIBILITY_VERSION = 1;
				DYLIB_CURRENT_VERSION = 1;
				DYLIB_INSTALL_NAME_BASE = "@rpath";
				ENABLE_STRICT_OBJC_MSGSEND = YES;
				ENABLE_TESTABILITY = YES;
				GCC_C_LANGUAGE_STANDARD = gnu11;
				GCC_DYNAMIC_NO_PIC = NO;
				GCC_NO_COMMON_BLOCKS = YES;
				GCC_OPTIMIZATION_LEVEL = 0;
				GCC_PREPROCESSOR_DEFINITIONS = (
					"DEBUG=1",
					"$(inherited)",
				);
				GCC_WARN_64_TO_32_BIT_CONVERSION = YES;
				GCC_WARN_ABOUT_RETURN_TYPE = YES_ERROR;
				GCC_WARN_UNDECLARED_SELECTOR = YES;
				GCC_WARN_UNINITIALIZED_AUTOS = YES_AGGRESSIVE;
				GCC_WARN_UNUSED_FUNCTION = YES;
				GCC_WARN_UNUSED_VARIABLE = YES;
				INFOPLIST_FILE = "ActionUtilities watchOS/Info.plist";
				INSTALL_PATH = "$(LOCAL_LIBRARY_DIR)/Frameworks";
				LD_RUNPATH_SEARCH_PATHS = "$(inherited) @executable_path/Frameworks @loader_path/Frameworks";
				MTL_ENABLE_DEBUG_INFO = YES;
				ONLY_ACTIVE_ARCH = YES;
				PRODUCT_BUNDLE_IDENTIFIER = "com.appracatappra.${PROJECT_NAME}";
				SDKROOT = watchos;
				SKIP_INSTALL = YES;
				SWIFT_ACTIVE_COMPILATION_CONDITIONS = DEBUG;
				SWIFT_OPTIMIZATION_LEVEL = "-Onone";
				SWIFT_VERSION = 4.0;
				TARGETED_DEVICE_FAMILY = 4;
				VERSIONING_SYSTEM = "apple-generic";
				VERSION_INFO_PREFIX = "";
				WATCHOS_DEPLOYMENT_TARGET = 4.0;
			};
			name = Debug;
		};
		2DA009602017B3E4004A5F55 /* Release */ = {
			isa = XCBuildConfiguration;
			buildSettings = {
				ALWAYS_SEARCH_USER_PATHS = NO;
				APPLICATION_EXTENSION_API_ONLY = YES;
				CLANG_ANALYZER_NONNULL = YES;
				CLANG_ANALYZER_NUMBER_OBJECT_CONVERSION = YES_AGGRESSIVE;
				CLANG_CXX_LANGUAGE_STANDARD = "gnu++14";
				CLANG_CXX_LIBRARY = "libc++";
				CLANG_ENABLE_MODULES = YES;
				CLANG_ENABLE_OBJC_ARC = YES;
				CLANG_WARN_BLOCK_CAPTURE_AUTORELEASING = YES;
				CLANG_WARN_BOOL_CONVERSION = YES;
				CLANG_WARN_COMMA = YES;
				CLANG_WARN_CONSTANT_CONVERSION = YES;
				CLANG_WARN_DIRECT_OBJC_ISA_USAGE = YES_ERROR;
				CLANG_WARN_DOCUMENTATION_COMMENTS = YES;
				CLANG_WARN_EMPTY_BODY = YES;
				CLANG_WARN_ENUM_CONVERSION = YES;
				CLANG_WARN_INFINITE_RECURSION = YES;
				CLANG_WARN_INT_CONVERSION = YES;
				CLANG_WARN_NON_LITERAL_NULL_CONVERSION = YES;
				CLANG_WARN_OBJC_LITERAL_CONVERSION = YES;
				CLANG_WARN_OBJC_ROOT_CLASS = YES_ERROR;
				CLANG_WARN_RANGE_LOOP_ANALYSIS = YES;
				CLANG_WARN_STRICT_PROTOTYPES = YES;
				CLANG_WARN_SUSPICIOUS_MOVE = YES;
				CLANG_WARN_UNGUARDED_AVAILABILITY = YES_AGGRESSIVE;
				CLANG_WARN_UNREACHABLE_CODE = YES;
				CLANG_WARN__DUPLICATE_METHOD_MATCH = YES;
				CODE_SIGN_IDENTITY = "";
				CODE_SIGN_STYLE = Automatic;
				COPY_PHASE_STRIP = NO;
				CURRENT_PROJECT_VERSION = 1;
				DEBUG_INFORMATION_FORMAT = "dwarf-with-dsym";
				DEFINES_MODULE = YES;
				DEVELOPMENT_TEAM = Y2HRRTRAA5;
				DYLIB_COMPATIBILITY_VERSION = 1;
				DYLIB_CURRENT_VERSION = 1;
				DYLIB_INSTALL_NAME_BASE = "@rpath";
				ENABLE_NS_ASSERTIONS = NO;
				ENABLE_STRICT_OBJC_MSGSEND = YES;
				GCC_C_LANGUAGE_STANDARD = gnu11;
				GCC_NO_COMMON_BLOCKS = YES;
				GCC_WARN_64_TO_32_BIT_CONVERSION = YES;
				GCC_WARN_ABOUT_RETURN_TYPE = YES_ERROR;
				GCC_WARN_UNDECLARED_SELECTOR = YES;
				GCC_WARN_UNINITIALIZED_AUTOS = YES_AGGRESSIVE;
				GCC_WARN_UNUSED_FUNCTION = YES;
				GCC_WARN_UNUSED_VARIABLE = YES;
				INFOPLIST_FILE = "ActionUtilities watchOS/Info.plist";
				INSTALL_PATH = "$(LOCAL_LIBRARY_DIR)/Frameworks";
				LD_RUNPATH_SEARCH_PATHS = "$(inherited) @executable_path/Frameworks @loader_path/Frameworks";
				MTL_ENABLE_DEBUG_INFO = NO;
				PRODUCT_BUNDLE_IDENTIFIER = "com.appracatappra.${PROJECT_NAME}";
				SDKROOT = watchos;
				SKIP_INSTALL = YES;
				SWIFT_OPTIMIZATION_LEVEL = "-Owholemodule";
				SWIFT_VERSION = 4.0;
				TARGETED_DEVICE_FAMILY = 4;
				VALIDATE_PRODUCT = YES;
				VERSIONING_SYSTEM = "apple-generic";
				VERSION_INFO_PREFIX = "";
				WATCHOS_DEPLOYMENT_TARGET = 4.0;
			};
			name = Release;
		};
		2DA0096C2017B401004A5F55 /* Debug */ = {
			isa = XCBuildConfiguration;
			buildSettings = {
				ALWAYS_SEARCH_USER_PATHS = NO;
				CLANG_ANALYZER_NONNULL = YES;
				CLANG_ANALYZER_NUMBER_OBJECT_CONVERSION = YES_AGGRESSIVE;
				CLANG_CXX_LANGUAGE_STANDARD = "gnu++14";
				CLANG_CXX_LIBRARY = "libc++";
				CLANG_ENABLE_MODULES = YES;
				CLANG_ENABLE_OBJC_ARC = YES;
				CLANG_WARN_BLOCK_CAPTURE_AUTORELEASING = YES;
				CLANG_WARN_BOOL_CONVERSION = YES;
				CLANG_WARN_COMMA = YES;
				CLANG_WARN_CONSTANT_CONVERSION = YES;
				CLANG_WARN_DIRECT_OBJC_ISA_USAGE = YES_ERROR;
				CLANG_WARN_DOCUMENTATION_COMMENTS = YES;
				CLANG_WARN_EMPTY_BODY = YES;
				CLANG_WARN_ENUM_CONVERSION = YES;
				CLANG_WARN_INFINITE_RECURSION = YES;
				CLANG_WARN_INT_CONVERSION = YES;
				CLANG_WARN_NON_LITERAL_NULL_CONVERSION = YES;
				CLANG_WARN_OBJC_LITERAL_CONVERSION = YES;
				CLANG_WARN_OBJC_ROOT_CLASS = YES_ERROR;
				CLANG_WARN_RANGE_LOOP_ANALYSIS = YES;
				CLANG_WARN_STRICT_PROTOTYPES = YES;
				CLANG_WARN_SUSPICIOUS_MOVE = YES;
				CLANG_WARN_UNGUARDED_AVAILABILITY = YES_AGGRESSIVE;
				CLANG_WARN_UNREACHABLE_CODE = YES;
				CLANG_WARN__DUPLICATE_METHOD_MATCH = YES;
				CODE_SIGN_IDENTITY = "";
				CODE_SIGN_STYLE = Automatic;
				COPY_PHASE_STRIP = NO;
				CURRENT_PROJECT_VERSION = 1;
				DEBUG_INFORMATION_FORMAT = dwarf;
				DEFINES_MODULE = YES;
				DEVELOPMENT_TEAM = Y2HRRTRAA5;
				DYLIB_COMPATIBILITY_VERSION = 1;
				DYLIB_CURRENT_VERSION = 1;
				DYLIB_INSTALL_NAME_BASE = "@rpath";
				ENABLE_STRICT_OBJC_MSGSEND = YES;
				ENABLE_TESTABILITY = YES;
				GCC_C_LANGUAGE_STANDARD = gnu11;
				GCC_DYNAMIC_NO_PIC = NO;
				GCC_NO_COMMON_BLOCKS = YES;
				GCC_OPTIMIZATION_LEVEL = 0;
				GCC_PREPROCESSOR_DEFINITIONS = (
					"DEBUG=1",
					"$(inherited)",
				);
				GCC_WARN_64_TO_32_BIT_CONVERSION = YES;
				GCC_WARN_ABOUT_RETURN_TYPE = YES_ERROR;
				GCC_WARN_UNDECLARED_SELECTOR = YES;
				GCC_WARN_UNINITIALIZED_AUTOS = YES_AGGRESSIVE;
				GCC_WARN_UNUSED_FUNCTION = YES;
				GCC_WARN_UNUSED_VARIABLE = YES;
				INFOPLIST_FILE = "ActionUtilities tvOS/Info.plist";
				INSTALL_PATH = "$(LOCAL_LIBRARY_DIR)/Frameworks";
				LD_RUNPATH_SEARCH_PATHS = "$(inherited) @executable_path/Frameworks @loader_path/Frameworks";
				MTL_ENABLE_DEBUG_INFO = YES;
				ONLY_ACTIVE_ARCH = YES;
				PRODUCT_BUNDLE_IDENTIFIER = "com.appracatappra.${PROJECT_NAME}";
				SDKROOT = appletvos;
				SKIP_INSTALL = YES;
				SWIFT_ACTIVE_COMPILATION_CONDITIONS = DEBUG;
				SWIFT_OPTIMIZATION_LEVEL = "-Onone";
				SWIFT_VERSION = 4.0;
				TARGETED_DEVICE_FAMILY = 3;
				TVOS_DEPLOYMENT_TARGET = 11.2;
				VERSIONING_SYSTEM = "apple-generic";
				VERSION_INFO_PREFIX = "";
			};
			name = Debug;
		};
		2DA0096D2017B401004A5F55 /* Release */ = {
			isa = XCBuildConfiguration;
			buildSettings = {
				ALWAYS_SEARCH_USER_PATHS = NO;
				CLANG_ANALYZER_NONNULL = YES;
				CLANG_ANALYZER_NUMBER_OBJECT_CONVERSION = YES_AGGRESSIVE;
				CLANG_CXX_LANGUAGE_STANDARD = "gnu++14";
				CLANG_CXX_LIBRARY = "libc++";
				CLANG_ENABLE_MODULES = YES;
				CLANG_ENABLE_OBJC_ARC = YES;
				CLANG_WARN_BLOCK_CAPTURE_AUTORELEASING = YES;
				CLANG_WARN_BOOL_CONVERSION = YES;
				CLANG_WARN_COMMA = YES;
				CLANG_WARN_CONSTANT_CONVERSION = YES;
				CLANG_WARN_DIRECT_OBJC_ISA_USAGE = YES_ERROR;
				CLANG_WARN_DOCUMENTATION_COMMENTS = YES;
				CLANG_WARN_EMPTY_BODY = YES;
				CLANG_WARN_ENUM_CONVERSION = YES;
				CLANG_WARN_INFINITE_RECURSION = YES;
				CLANG_WARN_INT_CONVERSION = YES;
				CLANG_WARN_NON_LITERAL_NULL_CONVERSION = YES;
				CLANG_WARN_OBJC_LITERAL_CONVERSION = YES;
				CLANG_WARN_OBJC_ROOT_CLASS = YES_ERROR;
				CLANG_WARN_RANGE_LOOP_ANALYSIS = YES;
				CLANG_WARN_STRICT_PROTOTYPES = YES;
				CLANG_WARN_SUSPICIOUS_MOVE = YES;
				CLANG_WARN_UNGUARDED_AVAILABILITY = YES_AGGRESSIVE;
				CLANG_WARN_UNREACHABLE_CODE = YES;
				CLANG_WARN__DUPLICATE_METHOD_MATCH = YES;
				CODE_SIGN_IDENTITY = "";
				CODE_SIGN_STYLE = Automatic;
				COPY_PHASE_STRIP = NO;
				CURRENT_PROJECT_VERSION = 1;
				DEBUG_INFORMATION_FORMAT = "dwarf-with-dsym";
				DEFINES_MODULE = YES;
				DEVELOPMENT_TEAM = Y2HRRTRAA5;
				DYLIB_COMPATIBILITY_VERSION = 1;
				DYLIB_CURRENT_VERSION = 1;
				DYLIB_INSTALL_NAME_BASE = "@rpath";
				ENABLE_NS_ASSERTIONS = NO;
				ENABLE_STRICT_OBJC_MSGSEND = YES;
				GCC_C_LANGUAGE_STANDARD = gnu11;
				GCC_NO_COMMON_BLOCKS = YES;
				GCC_WARN_64_TO_32_BIT_CONVERSION = YES;
				GCC_WARN_ABOUT_RETURN_TYPE = YES_ERROR;
				GCC_WARN_UNDECLARED_SELECTOR = YES;
				GCC_WARN_UNINITIALIZED_AUTOS = YES_AGGRESSIVE;
				GCC_WARN_UNUSED_FUNCTION = YES;
				GCC_WARN_UNUSED_VARIABLE = YES;
				INFOPLIST_FILE = "ActionUtilities tvOS/Info.plist";
				INSTALL_PATH = "$(LOCAL_LIBRARY_DIR)/Frameworks";
				LD_RUNPATH_SEARCH_PATHS = "$(inherited) @executable_path/Frameworks @loader_path/Frameworks";
				MTL_ENABLE_DEBUG_INFO = NO;
				PRODUCT_BUNDLE_IDENTIFIER = "com.appracatappra.${PROJECT_NAME}";
				SDKROOT = appletvos;
				SKIP_INSTALL = YES;
				SWIFT_OPTIMIZATION_LEVEL = "-Owholemodule";
				SWIFT_VERSION = 4.0;
				TARGETED_DEVICE_FAMILY = 3;
				TVOS_DEPLOYMENT_TARGET = 11.2;
				VALIDATE_PRODUCT = YES;
				VERSIONING_SYSTEM = "apple-generic";
				VERSION_INFO_PREFIX = "";
			};
			name = Release;
		};
		2DA009792017B433004A5F55 /* Debug */ = {
			isa = XCBuildConfiguration;
			buildSettings = {
				ALWAYS_SEARCH_USER_PATHS = NO;
				CLANG_ANALYZER_NONNULL = YES;
				CLANG_ANALYZER_NUMBER_OBJECT_CONVERSION = YES_AGGRESSIVE;
				CLANG_CXX_LANGUAGE_STANDARD = "gnu++14";
				CLANG_CXX_LIBRARY = "libc++";
				CLANG_ENABLE_MODULES = YES;
				CLANG_ENABLE_OBJC_ARC = YES;
				CLANG_WARN_BLOCK_CAPTURE_AUTORELEASING = YES;
				CLANG_WARN_BOOL_CONVERSION = YES;
				CLANG_WARN_COMMA = YES;
				CLANG_WARN_CONSTANT_CONVERSION = YES;
				CLANG_WARN_DIRECT_OBJC_ISA_USAGE = YES_ERROR;
				CLANG_WARN_DOCUMENTATION_COMMENTS = YES;
				CLANG_WARN_EMPTY_BODY = YES;
				CLANG_WARN_ENUM_CONVERSION = YES;
				CLANG_WARN_INFINITE_RECURSION = YES;
				CLANG_WARN_INT_CONVERSION = YES;
				CLANG_WARN_NON_LITERAL_NULL_CONVERSION = YES;
				CLANG_WARN_OBJC_LITERAL_CONVERSION = YES;
				CLANG_WARN_OBJC_ROOT_CLASS = YES_ERROR;
				CLANG_WARN_RANGE_LOOP_ANALYSIS = YES;
				CLANG_WARN_STRICT_PROTOTYPES = YES;
				CLANG_WARN_SUSPICIOUS_MOVE = YES;
				CLANG_WARN_UNGUARDED_AVAILABILITY = YES_AGGRESSIVE;
				CLANG_WARN_UNREACHABLE_CODE = YES;
				CLANG_WARN__DUPLICATE_METHOD_MATCH = YES;
				CODE_SIGN_IDENTITY = "";
				CODE_SIGN_STYLE = Automatic;
				COMBINE_HIDPI_IMAGES = YES;
				COPY_PHASE_STRIP = NO;
				CURRENT_PROJECT_VERSION = 1;
				DEBUG_INFORMATION_FORMAT = dwarf;
				DEFINES_MODULE = YES;
				DEVELOPMENT_TEAM = Y2HRRTRAA5;
				DYLIB_COMPATIBILITY_VERSION = 1;
				DYLIB_CURRENT_VERSION = 1;
				DYLIB_INSTALL_NAME_BASE = "@rpath";
				ENABLE_STRICT_OBJC_MSGSEND = YES;
				ENABLE_TESTABILITY = YES;
				FRAMEWORK_VERSION = A;
				GCC_C_LANGUAGE_STANDARD = gnu11;
				GCC_DYNAMIC_NO_PIC = NO;
				GCC_NO_COMMON_BLOCKS = YES;
				GCC_OPTIMIZATION_LEVEL = 0;
				GCC_PREPROCESSOR_DEFINITIONS = (
					"DEBUG=1",
					"$(inherited)",
				);
				GCC_WARN_64_TO_32_BIT_CONVERSION = YES;
				GCC_WARN_ABOUT_RETURN_TYPE = YES_ERROR;
				GCC_WARN_UNDECLARED_SELECTOR = YES;
				GCC_WARN_UNINITIALIZED_AUTOS = YES_AGGRESSIVE;
				GCC_WARN_UNUSED_FUNCTION = YES;
				GCC_WARN_UNUSED_VARIABLE = YES;
				INFOPLIST_FILE = "ActionUtilities macOS/Info.plist";
				INSTALL_PATH = "$(LOCAL_LIBRARY_DIR)/Frameworks";
				LD_RUNPATH_SEARCH_PATHS = "$(inherited) @executable_path/../Frameworks @loader_path/Frameworks";
				MACOSX_DEPLOYMENT_TARGET = 10.13;
				MTL_ENABLE_DEBUG_INFO = YES;
				ONLY_ACTIVE_ARCH = YES;
				PRODUCT_BUNDLE_IDENTIFIER = "com.appracatappra.${PROJECT_NAME}";
				SDKROOT = macosx;
				SKIP_INSTALL = YES;
				SWIFT_ACTIVE_COMPILATION_CONDITIONS = DEBUG;
				SWIFT_OPTIMIZATION_LEVEL = "-Onone";
				SWIFT_VERSION = 4.0;
				VERSIONING_SYSTEM = "apple-generic";
				VERSION_INFO_PREFIX = "";
			};
			name = Debug;
		};
		2DA0097A2017B433004A5F55 /* Release */ = {
			isa = XCBuildConfiguration;
			buildSettings = {
				ALWAYS_SEARCH_USER_PATHS = NO;
				CLANG_ANALYZER_NONNULL = YES;
				CLANG_ANALYZER_NUMBER_OBJECT_CONVERSION = YES_AGGRESSIVE;
				CLANG_CXX_LANGUAGE_STANDARD = "gnu++14";
				CLANG_CXX_LIBRARY = "libc++";
				CLANG_ENABLE_MODULES = YES;
				CLANG_ENABLE_OBJC_ARC = YES;
				CLANG_WARN_BLOCK_CAPTURE_AUTORELEASING = YES;
				CLANG_WARN_BOOL_CONVERSION = YES;
				CLANG_WARN_COMMA = YES;
				CLANG_WARN_CONSTANT_CONVERSION = YES;
				CLANG_WARN_DIRECT_OBJC_ISA_USAGE = YES_ERROR;
				CLANG_WARN_DOCUMENTATION_COMMENTS = YES;
				CLANG_WARN_EMPTY_BODY = YES;
				CLANG_WARN_ENUM_CONVERSION = YES;
				CLANG_WARN_INFINITE_RECURSION = YES;
				CLANG_WARN_INT_CONVERSION = YES;
				CLANG_WARN_NON_LITERAL_NULL_CONVERSION = YES;
				CLANG_WARN_OBJC_LITERAL_CONVERSION = YES;
				CLANG_WARN_OBJC_ROOT_CLASS = YES_ERROR;
				CLANG_WARN_RANGE_LOOP_ANALYSIS = YES;
				CLANG_WARN_STRICT_PROTOTYPES = YES;
				CLANG_WARN_SUSPICIOUS_MOVE = YES;
				CLANG_WARN_UNGUARDED_AVAILABILITY = YES_AGGRESSIVE;
				CLANG_WARN_UNREACHABLE_CODE = YES;
				CLANG_WARN__DUPLICATE_METHOD_MATCH = YES;
				CODE_SIGN_IDENTITY = "";
				CODE_SIGN_STYLE = Automatic;
				COMBINE_HIDPI_IMAGES = YES;
				COPY_PHASE_STRIP = NO;
				CURRENT_PROJECT_VERSION = 1;
				DEBUG_INFORMATION_FORMAT = "dwarf-with-dsym";
				DEFINES_MODULE = YES;
				DEVELOPMENT_TEAM = Y2HRRTRAA5;
				DYLIB_COMPATIBILITY_VERSION = 1;
				DYLIB_CURRENT_VERSION = 1;
				DYLIB_INSTALL_NAME_BASE = "@rpath";
				ENABLE_NS_ASSERTIONS = NO;
				ENABLE_STRICT_OBJC_MSGSEND = YES;
				FRAMEWORK_VERSION = A;
				GCC_C_LANGUAGE_STANDARD = gnu11;
				GCC_NO_COMMON_BLOCKS = YES;
				GCC_WARN_64_TO_32_BIT_CONVERSION = YES;
				GCC_WARN_ABOUT_RETURN_TYPE = YES_ERROR;
				GCC_WARN_UNDECLARED_SELECTOR = YES;
				GCC_WARN_UNINITIALIZED_AUTOS = YES_AGGRESSIVE;
				GCC_WARN_UNUSED_FUNCTION = YES;
				GCC_WARN_UNUSED_VARIABLE = YES;
				INFOPLIST_FILE = "ActionUtilities macOS/Info.plist";
				INSTALL_PATH = "$(LOCAL_LIBRARY_DIR)/Frameworks";
				LD_RUNPATH_SEARCH_PATHS = "$(inherited) @executable_path/../Frameworks @loader_path/Frameworks";
				MACOSX_DEPLOYMENT_TARGET = 10.13;
				MTL_ENABLE_DEBUG_INFO = NO;
				PRODUCT_BUNDLE_IDENTIFIER = "com.appracatappra.${PROJECT_NAME}";
				SDKROOT = macosx;
				SKIP_INSTALL = YES;
				SWIFT_OPTIMIZATION_LEVEL = "-Owholemodule";
				SWIFT_VERSION = 4.0;
				VERSIONING_SYSTEM = "apple-generic";
				VERSION_INFO_PREFIX = "";
			};
			name = Release;
		};
		2DA009BD2017C066004A5F55 /* Debug */ = {
			isa = XCBuildConfiguration;
			buildSettings = {
				CLANG_ENABLE_OBJC_WEAK = YES;
				CODE_SIGN_STYLE = Automatic;
				DEVELOPMENT_TEAM = Y2HRRTRAA5;
				PRODUCT_NAME = "$(TARGET_NAME)";
			};
			name = Debug;
		};
		2DA009BE2017C066004A5F55 /* Release */ = {
			isa = XCBuildConfiguration;
			buildSettings = {
				CLANG_ENABLE_OBJC_WEAK = YES;
				CODE_SIGN_STYLE = Automatic;
				DEVELOPMENT_TEAM = Y2HRRTRAA5;
				PRODUCT_NAME = "$(TARGET_NAME)";
			};
			name = Release;
		};
		2DA009C42017CFEB004A5F55 /* Debug */ = {
			isa = XCBuildConfiguration;
			buildSettings = {
				CLANG_ENABLE_OBJC_WEAK = YES;
				CODE_SIGN_STYLE = Automatic;
				DEVELOPMENT_TEAM = Y2HRRTRAA5;
				PRODUCT_NAME = "$(TARGET_NAME)";
			};
			name = Debug;
		};
		2DA009C52017CFEB004A5F55 /* Release */ = {
			isa = XCBuildConfiguration;
			buildSettings = {
				CLANG_ENABLE_OBJC_WEAK = YES;
				CODE_SIGN_STYLE = Automatic;
				DEVELOPMENT_TEAM = Y2HRRTRAA5;
				PRODUCT_NAME = "$(TARGET_NAME)";
			};
			name = Release;
		};
		2DA009CA2017D129004A5F55 /* Debug */ = {
			isa = XCBuildConfiguration;
			buildSettings = {
				CLANG_ENABLE_OBJC_WEAK = YES;
				CODE_SIGN_STYLE = Automatic;
				DEVELOPMENT_TEAM = Y2HRRTRAA5;
				PRODUCT_NAME = "$(TARGET_NAME)";
			};
			name = Debug;
		};
		2DA009CB2017D129004A5F55 /* Release */ = {
			isa = XCBuildConfiguration;
			buildSettings = {
				CLANG_ENABLE_OBJC_WEAK = YES;
				CODE_SIGN_STYLE = Automatic;
				DEVELOPMENT_TEAM = Y2HRRTRAA5;
				PRODUCT_NAME = "$(TARGET_NAME)";
			};
			name = Release;
		};
		2DA009D02017D20F004A5F55 /* Debug */ = {
			isa = XCBuildConfiguration;
			buildSettings = {
				CLANG_ENABLE_OBJC_WEAK = YES;
				CODE_SIGN_STYLE = Automatic;
				DEVELOPMENT_TEAM = Y2HRRTRAA5;
				PRODUCT_NAME = "$(TARGET_NAME)";
			};
			name = Debug;
		};
		2DA009D12017D20F004A5F55 /* Release */ = {
			isa = XCBuildConfiguration;
			buildSettings = {
				CLANG_ENABLE_OBJC_WEAK = YES;
				CODE_SIGN_STYLE = Automatic;
				DEVELOPMENT_TEAM = Y2HRRTRAA5;
				PRODUCT_NAME = "$(TARGET_NAME)";
			};
			name = Release;
		};
/* End XCBuildConfiguration section */

/* Begin XCConfigurationList section */
		2DA009432017B3AA004A5F55 /* Build configuration list for PBXProject "ActionUtilities" */ = {
			isa = XCConfigurationList;
			buildConfigurations = (
				2DA009442017B3AA004A5F55 /* Debug */,
				2DA009452017B3AA004A5F55 /* Release */,
			);
			defaultConfigurationIsVisible = 0;
			defaultConfigurationName = Release;
		};
		2DA009512017B3C4004A5F55 /* Build configuration list for PBXNativeTarget "ActionUtilities iOS" */ = {
			isa = XCConfigurationList;
			buildConfigurations = (
				2DA009522017B3C4004A5F55 /* Debug */,
				2DA009532017B3C4004A5F55 /* Release */,
			);
			defaultConfigurationIsVisible = 0;
			defaultConfigurationName = Release;
		};
		2DA0095E2017B3E4004A5F55 /* Build configuration list for PBXNativeTarget "ActionUtilities watchOS" */ = {
			isa = XCConfigurationList;
			buildConfigurations = (
				2DA0095F2017B3E4004A5F55 /* Debug */,
				2DA009602017B3E4004A5F55 /* Release */,
			);
			defaultConfigurationIsVisible = 0;
			defaultConfigurationName = Release;
		};
		2DA0096B2017B401004A5F55 /* Build configuration list for PBXNativeTarget "ActionUtilities tvOS" */ = {
			isa = XCConfigurationList;
			buildConfigurations = (
				2DA0096C2017B401004A5F55 /* Debug */,
				2DA0096D2017B401004A5F55 /* Release */,
			);
			defaultConfigurationIsVisible = 0;
			defaultConfigurationName = Release;
		};
		2DA009782017B433004A5F55 /* Build configuration list for PBXNativeTarget "ActionUtilities macOS" */ = {
			isa = XCConfigurationList;
			buildConfigurations = (
				2DA009792017B433004A5F55 /* Debug */,
				2DA0097A2017B433004A5F55 /* Release */,
			);
			defaultConfigurationIsVisible = 0;
			defaultConfigurationName = Release;
		};
		2DA009BC2017C066004A5F55 /* Build configuration list for PBXAggregateTarget "Package iOS" */ = {
			isa = XCConfigurationList;
			buildConfigurations = (
				2DA009BD2017C066004A5F55 /* Debug */,
				2DA009BE2017C066004A5F55 /* Release */,
			);
			defaultConfigurationIsVisible = 0;
			defaultConfigurationName = Release;
		};
		2DA009C32017CFEB004A5F55 /* Build configuration list for PBXAggregateTarget "Package watchOS" */ = {
			isa = XCConfigurationList;
			buildConfigurations = (
				2DA009C42017CFEB004A5F55 /* Debug */,
				2DA009C52017CFEB004A5F55 /* Release */,
			);
			defaultConfigurationIsVisible = 0;
			defaultConfigurationName = Release;
		};
		2DA009C92017D129004A5F55 /* Build configuration list for PBXAggregateTarget "Package tvOS" */ = {
			isa = XCConfigurationList;
			buildConfigurations = (
				2DA009CA2017D129004A5F55 /* Debug */,
				2DA009CB2017D129004A5F55 /* Release */,
			);
			defaultConfigurationIsVisible = 0;
			defaultConfigurationName = Release;
		};
		2DA009CF2017D20F004A5F55 /* Build configuration list for PBXAggregateTarget "Package macOS" */ = {
			isa = XCConfigurationList;
			buildConfigurations = (
				2DA009D02017D20F004A5F55 /* Debug */,
				2DA009D12017D20F004A5F55 /* Release */,
			);
			defaultConfigurationIsVisible = 0;
			defaultConfigurationName = Release;
		};
/* End XCConfigurationList section */
	};
	rootObject = 2DA009402017B3AA004A5F55 /* Project object */;
}
